
Microsoft Visual Studio Solution File, Format Version 12.00
Project("{2150E333-8FDC-42A3-9474-1A3956D46DE8}") = "Assignment1", "Assignment1", "{30058A4A-2377-4856-4EFF-8268239A08B0}"
EndProject
Project("{2150E333-8FDC-42A3-9474-1A3956D46DE8}") = "Server", "Server", "{0CBA486D-8ADD-1D7F-F8E2-6CF105AD0BE2}"
EndProject
Project("{FAE04EC0-301F-11D3-BF4B-00C04F79EFBC}") = "Demo", "Assignment1\Server\Demo\Demo.csproj", "{5A5A280F-A68D-42DC-998C-45D2F063D5D4}"
EndProject
Project("{FAE04EC0-301F-11D3-BF4B-00C04F79EFBC}") = "Entities", "Assignment1\Server\Entities\Entities.csproj", "{C794D79D-142E-4BA8-8377-4D95321BEDBC}"
EndProject
Project("{FAE04EC0-301F-11D3-BF4B-00C04F79EFBC}") = "RepositoryContracts", "Assignment1\Server\RepositoryContracts\RepositoryContracts.csproj", "{E96B09A2-DE3F-4C21-8B58-E77D75868A2C}"
EndProject
Project("{FAE04EC0-301F-11D3-BF4B-00C04F79EFBC}") = "InMemoryRepositories", "Assignment1\Server\InMemoryRepositories\InMemoryRepositories.csproj", "{1BB66855-5DAE-4F1B-B62E-BA62EB9EFA5A}"
EndProject
Project("{2150E333-8FDC-42A3-9474-1A3956D46DE8}") = "Assignment2", "Assignment2", "{B4CA696D-1B8C-AA3D-BB4F-77D4C32AAB34}"
EndProject
Project("{2150E333-8FDC-42A3-9474-1A3956D46DE8}") = "Server", "Server", "{8F0386BE-35E3-6926-30B5-B4E5C457B50D}"
EndProject
Project("{FAE04EC0-301F-11D3-BF4B-00C04F79EFBC}") = "CLI", "Assignment2\Server\CLI\CLI.csproj", "{6EB1957A-03FA-42D8-9160-5FA506F777E6}"
EndProject
Project("{FAE04EC0-301F-11D3-BF4B-00C04F79EFBC}") = "Demo", "Assignment2\Server\Demo\Demo.csproj", "{8A4C9F97-8670-4C7C-9E79-7A79462BA4E3}"
EndProject
Project("{FAE04EC0-301F-11D3-BF4B-00C04F79EFBC}") = "Entities", "Assignment2\Server\Entities\Entities.csproj", "{C236A8E3-1ABF-4339-B61C-3B4D054BF8F8}"
EndProject
Project("{FAE04EC0-301F-11D3-BF4B-00C04F79EFBC}") = "RepositoryContracts", "Assignment2\Server\RepositoryContracts\RepositoryContracts.csproj", "{5A9BEA85-14E3-4C10-B535-01DB2A4B5631}"
EndProject
Project("{FAE04EC0-301F-11D3-BF4B-00C04F79EFBC}") = "InMemoryRepositories", "Assignment2\Server\InMemoryRepositories\InMemoryRepositories.csproj", "{40CCC364-4878-4F47-8FBE-B42B7B0F132C}"
EndProject
Project("{2150E333-8FDC-42A3-9474-1A3956D46DE8}") = "Assignment3", "Assignment3", "{0468B34B-F03C-4707-AF5B-373E57D28DCA}"
EndProject
Project("{2150E333-8FDC-42A3-9474-1A3956D46DE8}") = "Server", "Server", "{D817E5CE-B44F-4421-915F-D7B4DF4D6305}"
EndProject
Project("{FAE04EC0-301F-11D3-BF4B-00C04F79EFBC}") = "CLI", "Assignment3\Server\CLI\CLI.csproj", "{59A523CB-BA6F-43B5-8CBE-6FBCAE5E4D8C}"
EndProject
Project("{FAE04EC0-301F-11D3-BF4B-00C04F79EFBC}") = "Demo", "Assignment3\Server\Demo\Demo.csproj", "{DCB4F85C-90FC-4223-AB12-C8B0B9002BED}"
EndProject
Project("{FAE04EC0-301F-11D3-BF4B-00C04F79EFBC}") = "Entities", "Assignment3\Server\Entities\Entities.csproj", "{DDE9C91C-4295-4EF2-B959-17F8930BFEE2}"
EndProject
Project("{FAE04EC0-301F-11D3-BF4B-00C04F79EFBC}") = "InMemoryRepositories", "Assignment3\Server\InMemoryRepositories\InMemoryRepositories.csproj", "{BC8C4E1E-9483-4B67-9447-530678D46B36}"
EndProject
Project("{FAE04EC0-301F-11D3-BF4B-00C04F79EFBC}") = "RepositoryContracts", "Assignment3\Server\RepositoryContracts\RepositoryContracts.csproj", "{BA19AEEA-963F-46E1-B651-5BBA07FF5187}"
EndProject
Project("{FAE04EC0-301F-11D3-BF4B-00C04F79EFBC}") = "FileRepositories", "Assignment3\Server\FileRepositories\FileRepositories.csproj", "{AAB993E4-57A7-4109-A65C-E413D6600BBF}"
EndProject
Project("{2150E333-8FDC-42A3-9474-1A3956D46DE8}") = "Assignment4", "Assignment4", "{EE867BCC-DE1F-4850-9E82-96CE201D563F}"
EndProject
Project("{2150E333-8FDC-42A3-9474-1A3956D46DE8}") = "Server", "Server", "{3F988BCB-F983-42AE-9E25-F5A57F2DF691}"
EndProject
Project("{FAE04EC0-301F-11D3-BF4B-00C04F79EFBC}") = "CLI", "Assignment4\Server\CLI\CLI.csproj", "{6EB0BE44-BEF0-4E38-BE2E-3C0AA816D369}"
EndProject
Project("{FAE04EC0-301F-11D3-BF4B-00C04F79EFBC}") = "Demo", "Assignment4\Server\Demo\Demo.csproj", "{27053CC5-C9EA-46EF-8D92-8835E35D0ADF}"
EndProject
Project("{FAE04EC0-301F-11D3-BF4B-00C04F79EFBC}") = "Entities", "Assignment4\Server\Entities\Entities.csproj", "{0ED59623-5B3B-4054-825D-E4F5AAF8C413}"
EndProject
Project("{FAE04EC0-301F-11D3-BF4B-00C04F79EFBC}") = "FileRepositories", "Assignment4\Server\FileRepositories\FileRepositories.csproj", "{6811B5F8-88D1-42D8-8459-05AE136D2F58}"
EndProject
Project("{FAE04EC0-301F-11D3-BF4B-00C04F79EFBC}") = "InMemoryRepositories", "Assignment4\Server\InMemoryRepositories\InMemoryRepositories.csproj", "{1C9213F5-A760-4C62-B0F0-F6DAABC86693}"
EndProject
Project("{FAE04EC0-301F-11D3-BF4B-00C04F79EFBC}") = "RepositoryContracts", "Assignment4\Server\RepositoryContracts\RepositoryContracts.csproj", "{FB3688CB-4596-485A-96B3-1956E801ED15}"
EndProject
Project("{2150E333-8FDC-42A3-9474-1A3956D46DE8}") = "Shared", "Shared", "{546204D2-7CB1-4677-A2D4-93A90D36A947}"
EndProject
Project("{FAE04EC0-301F-11D3-BF4B-00C04F79EFBC}") = "ApiContracts", "Assignment4\Shared\ApiContracts\ApiContracts.csproj", "{DB2FC3B5-DF7A-4F50-8DE8-FF483DBC41F5}"
EndProject
Project("{FAE04EC0-301F-11D3-BF4B-00C04F79EFBC}") = "WebAPI", "Assignment4\Server\WebAPI\WebAPI.csproj", "{7137FF5D-B652-447C-A1C9-C401A1A9365C}"
EndProject
Project("{2150E333-8FDC-42A3-9474-1A3956D46DE8}") = "Assignment5", "Assignment5", "{0A09EA70-D1B1-4A76-8A6A-76933DA19613}"
EndProject
Project("{2150E333-8FDC-42A3-9474-1A3956D46DE8}") = "Server", "Server", "{F924526A-B6A5-49C8-9CF8-185B259A6194}"
EndProject
Project("{2150E333-8FDC-42A3-9474-1A3956D46DE8}") = "Shared", "Shared", "{F1384BD6-D5B8-471A-BDA2-E4C16FFD3AD3}"
EndProject
Project("{FAE04EC0-301F-11D3-BF4B-00C04F79EFBC}") = "CLI", "Assignment5\Server\CLI\CLI.csproj", "{CFCD24A7-DBDA-4FDC-B4A4-F6F82EB31877}"
EndProject
Project("{FAE04EC0-301F-11D3-BF4B-00C04F79EFBC}") = "Demo", "Assignment5\Server\Demo\Demo.csproj", "{1AD2CAD8-2C06-4AD5-A482-7DDFA5BD00A3}"
EndProject
Project("{FAE04EC0-301F-11D3-BF4B-00C04F79EFBC}") = "Entities", "Assignment5\Server\Entities\Entities.csproj", "{11C1E555-F93A-45BC-B7A0-E86DC3120243}"
EndProject
Project("{FAE04EC0-301F-11D3-BF4B-00C04F79EFBC}") = "FileRepositories", "Assignment5\Server\FileRepositories\FileRepositories.csproj", "{0BB5C2FD-1B6D-4B6D-954D-9AC78B3B6058}"
EndProject
Project("{FAE04EC0-301F-11D3-BF4B-00C04F79EFBC}") = "InMemoryRepositories", "Assignment5\Server\InMemoryRepositories\InMemoryRepositories.csproj", "{38567DF7-5614-449C-8EEA-C4E53908D0E6}"
EndProject
Project("{FAE04EC0-301F-11D3-BF4B-00C04F79EFBC}") = "RepositoryContracts", "Assignment5\Server\RepositoryContracts\RepositoryContracts.csproj", "{AC3D00EB-9ED9-437A-9C5D-8AF7CB1E6E9B}"
EndProject
Project("{FAE04EC0-301F-11D3-BF4B-00C04F79EFBC}") = "WebAPI", "Assignment5\Server\WebAPI\WebAPI.csproj", "{47B8DA9D-1A3F-474B-A65B-67EBAFA3D099}"
EndProject
Project("{FAE04EC0-301F-11D3-BF4B-00C04F79EFBC}") = "ApiContracts", "Assignment5\Shared\ApiContracts\ApiContracts.csproj", "{B34F8FA3-D615-4933-9702-A7F40D9CF51E}"
EndProject
Project("{2150E333-8FDC-42A3-9474-1A3956D46DE8}") = "Client", "Client", "{DD545037-7317-4C45-BB47-8569B89D735D}"
EndProject
Project("{FAE04EC0-301F-11D3-BF4B-00C04F79EFBC}") = "BlazorApp", "Assignment5\Client\BlazorApp\BlazorApp.csproj", "{514A1C56-376D-46AE-8BC9-DFF40F577379}"
EndProject
Project("{2150E333-8FDC-42A3-9474-1A3956D46DE8}") = "Assignment6", "Assignment6", "{831FA0CC-8D97-4F26-9CF7-CB6F68B33600}"
EndProject
Project("{2150E333-8FDC-42A3-9474-1A3956D46DE8}") = "Client", "Client", "{77706580-D228-453B-B318-8021CDA9A75F}"
EndProject
Project("{2150E333-8FDC-42A3-9474-1A3956D46DE8}") = "Server", "Server", "{B965CB90-1DED-4701-AF19-EC84DC8F4E89}"
EndProject
Project("{2150E333-8FDC-42A3-9474-1A3956D46DE8}") = "Shared", "Shared", "{1E422CCE-797D-4D08-9332-92B72EEC787A}"
EndProject
Project("{FAE04EC0-301F-11D3-BF4B-00C04F79EFBC}") = "BlazorApp", "Assignment6\Client\BlazorApp\BlazorApp.csproj", "{97AF795A-72D4-4509-8C30-AA8B77612DF6}"
EndProject
Project("{FAE04EC0-301F-11D3-BF4B-00C04F79EFBC}") = "CLI", "Assignment6\Server\CLI\CLI.csproj", "{50CA218F-02D8-45FC-A80E-B7480D2F3CDA}"
EndProject
Project("{FAE04EC0-301F-11D3-BF4B-00C04F79EFBC}") = "Demo", "Assignment6\Server\Demo\Demo.csproj", "{48D7BC0A-7596-4675-9AF7-0F0321763D35}"
EndProject
Project("{FAE04EC0-301F-11D3-BF4B-00C04F79EFBC}") = "Entities", "Assignment6\Server\Entities\Entities.csproj", "{20697E10-DC52-4A69-A859-27CBE4B2F1B5}"
EndProject
Project("{FAE04EC0-301F-11D3-BF4B-00C04F79EFBC}") = "FileRepositories", "Assignment6\Server\FileRepositories\FileRepositories.csproj", "{68FFEEA7-3E1B-48A2-BF05-05C8DA2CD8AC}"
EndProject
Project("{FAE04EC0-301F-11D3-BF4B-00C04F79EFBC}") = "InMemoryRepositories", "Assignment6\Server\InMemoryRepositories\InMemoryRepositories.csproj", "{C4BE5F4C-8E5F-410E-B049-CB5DF940CDF7}"
EndProject
Project("{FAE04EC0-301F-11D3-BF4B-00C04F79EFBC}") = "RepositoryContracts", "Assignment6\Server\RepositoryContracts\RepositoryContracts.csproj", "{1938955D-4965-48C5-A444-0090931CC1E7}"
EndProject
Project("{FAE04EC0-301F-11D3-BF4B-00C04F79EFBC}") = "WebAPI", "Assignment6\Server\WebAPI\WebAPI.csproj", "{9E024BE7-724B-40BF-B5E2-04C8E8CFD835}"
EndProject
Project("{FAE04EC0-301F-11D3-BF4B-00C04F79EFBC}") = "ApiContracts", "Assignment6\Shared\ApiContracts\ApiContracts.csproj", "{45D7C8FA-E806-456F-B187-574625D24E2B}"
EndProject
Project("{2150E333-8FDC-42A3-9474-1A3956D46DE8}") = "Assignment7", "Assignment7", "{33A09A29-3F77-4238-98B6-75D306D46209}"
EndProject
Project("{2150E333-8FDC-42A3-9474-1A3956D46DE8}") = "Server", "Server", "{82762C19-39B4-453A-BFE0-F72E049BDAF2}"
EndProject
Project("{2150E333-8FDC-42A3-9474-1A3956D46DE8}") = "Shared", "Shared", "{12023AA7-6C27-4BDD-89E3-6814AB5CB521}"
EndProject
Project("{2150E333-8FDC-42A3-9474-1A3956D46DE8}") = "Client", "Client", "{B48051BB-D3C5-4C26-8AE1-84D741163C76}"
EndProject
Project("{FAE04EC0-301F-11D3-BF4B-00C04F79EFBC}") = "BlazorApp", "Assignment7\Client\BlazorApp\BlazorApp.csproj", "{16426394-3B97-46B9-884E-593F86463B18}"
EndProject
Project("{FAE04EC0-301F-11D3-BF4B-00C04F79EFBC}") = "CLI", "Assignment7\Server\CLI\CLI.csproj", "{6E1455E4-F8A6-420B-BDCE-A12DF255BABA}"
EndProject
Project("{FAE04EC0-301F-11D3-BF4B-00C04F79EFBC}") = "Demo", "Assignment7\Server\Demo\Demo.csproj", "{2EF3D607-DC58-427B-994D-D0A02C84C784}"
EndProject
Project("{FAE04EC0-301F-11D3-BF4B-00C04F79EFBC}") = "Entities", "Assignment7\Server\Entities\Entities.csproj", "{26E64922-D123-411D-9188-501B5BEBB503}"
EndProject
Project("{FAE04EC0-301F-11D3-BF4B-00C04F79EFBC}") = "FileRepositories", "Assignment7\Server\FileRepositories\FileRepositories.csproj", "{38191546-52ED-46AC-A101-3A1A3525013C}"
EndProject
Project("{FAE04EC0-301F-11D3-BF4B-00C04F79EFBC}") = "InMemoryRepositories", "Assignment7\Server\InMemoryRepositories\InMemoryRepositories.csproj", "{79F2C1A0-6ED1-4437-AE45-D461DEA75521}"
EndProject
Project("{FAE04EC0-301F-11D3-BF4B-00C04F79EFBC}") = "RepositoryContracts", "Assignment7\Server\RepositoryContracts\RepositoryContracts.csproj", "{23DFD4DB-D20C-45DA-A32D-9C3E3B17F899}"
EndProject
Project("{FAE04EC0-301F-11D3-BF4B-00C04F79EFBC}") = "WebAPI", "Assignment7\Server\WebAPI\WebAPI.csproj", "{FE0ED4D0-1426-4501-A689-04B25719F88B}"
EndProject
Project("{FAE04EC0-301F-11D3-BF4B-00C04F79EFBC}") = "ApiContracts", "Assignment7\Shared\ApiContracts\ApiContracts.csproj", "{26CFAC44-B355-4837-8FA5-73452E25B147}"
EndProject
Project("{FAE04EC0-301F-11D3-BF4B-00C04F79EFBC}") = "EfcRepositories", "Assignment7\Server\EfcRepositories\EfcRepositories.csproj", "{237FA858-DBDC-43D9-8897-2DD5ABE4C31C}"
EndProject
Global
	GlobalSection(SolutionConfigurationPlatforms) = preSolution
		Debug|Any CPU = Debug|Any CPU
		Debug|x64 = Debug|x64
		Debug|x86 = Debug|x86
		Release|Any CPU = Release|Any CPU
		Release|x64 = Release|x64
		Release|x86 = Release|x86
	EndGlobalSection
	GlobalSection(ProjectConfigurationPlatforms) = postSolution
		{5A5A280F-A68D-42DC-998C-45D2F063D5D4}.Debug|Any CPU.ActiveCfg = Debug|Any CPU
		{5A5A280F-A68D-42DC-998C-45D2F063D5D4}.Debug|Any CPU.Build.0 = Debug|Any CPU
		{5A5A280F-A68D-42DC-998C-45D2F063D5D4}.Debug|x64.ActiveCfg = Debug|Any CPU
		{5A5A280F-A68D-42DC-998C-45D2F063D5D4}.Debug|x64.Build.0 = Debug|Any CPU
		{5A5A280F-A68D-42DC-998C-45D2F063D5D4}.Debug|x86.ActiveCfg = Debug|Any CPU
		{5A5A280F-A68D-42DC-998C-45D2F063D5D4}.Debug|x86.Build.0 = Debug|Any CPU
		{5A5A280F-A68D-42DC-998C-45D2F063D5D4}.Release|Any CPU.ActiveCfg = Release|Any CPU
		{5A5A280F-A68D-42DC-998C-45D2F063D5D4}.Release|Any CPU.Build.0 = Release|Any CPU
		{5A5A280F-A68D-42DC-998C-45D2F063D5D4}.Release|x64.ActiveCfg = Release|Any CPU
		{5A5A280F-A68D-42DC-998C-45D2F063D5D4}.Release|x64.Build.0 = Release|Any CPU
		{5A5A280F-A68D-42DC-998C-45D2F063D5D4}.Release|x86.ActiveCfg = Release|Any CPU
		{5A5A280F-A68D-42DC-998C-45D2F063D5D4}.Release|x86.Build.0 = Release|Any CPU
		{C794D79D-142E-4BA8-8377-4D95321BEDBC}.Debug|Any CPU.ActiveCfg = Debug|Any CPU
		{C794D79D-142E-4BA8-8377-4D95321BEDBC}.Debug|Any CPU.Build.0 = Debug|Any CPU
		{C794D79D-142E-4BA8-8377-4D95321BEDBC}.Debug|x64.ActiveCfg = Debug|Any CPU
		{C794D79D-142E-4BA8-8377-4D95321BEDBC}.Debug|x64.Build.0 = Debug|Any CPU
		{C794D79D-142E-4BA8-8377-4D95321BEDBC}.Debug|x86.ActiveCfg = Debug|Any CPU
		{C794D79D-142E-4BA8-8377-4D95321BEDBC}.Debug|x86.Build.0 = Debug|Any CPU
		{C794D79D-142E-4BA8-8377-4D95321BEDBC}.Release|Any CPU.ActiveCfg = Release|Any CPU
		{C794D79D-142E-4BA8-8377-4D95321BEDBC}.Release|Any CPU.Build.0 = Release|Any CPU
		{C794D79D-142E-4BA8-8377-4D95321BEDBC}.Release|x64.ActiveCfg = Release|Any CPU
		{C794D79D-142E-4BA8-8377-4D95321BEDBC}.Release|x64.Build.0 = Release|Any CPU
		{C794D79D-142E-4BA8-8377-4D95321BEDBC}.Release|x86.ActiveCfg = Release|Any CPU
		{C794D79D-142E-4BA8-8377-4D95321BEDBC}.Release|x86.Build.0 = Release|Any CPU
		{E96B09A2-DE3F-4C21-8B58-E77D75868A2C}.Debug|Any CPU.ActiveCfg = Debug|Any CPU
		{E96B09A2-DE3F-4C21-8B58-E77D75868A2C}.Debug|Any CPU.Build.0 = Debug|Any CPU
		{E96B09A2-DE3F-4C21-8B58-E77D75868A2C}.Debug|x64.ActiveCfg = Debug|Any CPU
		{E96B09A2-DE3F-4C21-8B58-E77D75868A2C}.Debug|x64.Build.0 = Debug|Any CPU
		{E96B09A2-DE3F-4C21-8B58-E77D75868A2C}.Debug|x86.ActiveCfg = Debug|Any CPU
		{E96B09A2-DE3F-4C21-8B58-E77D75868A2C}.Debug|x86.Build.0 = Debug|Any CPU
		{E96B09A2-DE3F-4C21-8B58-E77D75868A2C}.Release|Any CPU.ActiveCfg = Release|Any CPU
		{E96B09A2-DE3F-4C21-8B58-E77D75868A2C}.Release|Any CPU.Build.0 = Release|Any CPU
		{E96B09A2-DE3F-4C21-8B58-E77D75868A2C}.Release|x64.ActiveCfg = Release|Any CPU
		{E96B09A2-DE3F-4C21-8B58-E77D75868A2C}.Release|x64.Build.0 = Release|Any CPU
		{E96B09A2-DE3F-4C21-8B58-E77D75868A2C}.Release|x86.ActiveCfg = Release|Any CPU
		{E96B09A2-DE3F-4C21-8B58-E77D75868A2C}.Release|x86.Build.0 = Release|Any CPU
		{1BB66855-5DAE-4F1B-B62E-BA62EB9EFA5A}.Debug|Any CPU.ActiveCfg = Debug|Any CPU
		{1BB66855-5DAE-4F1B-B62E-BA62EB9EFA5A}.Debug|Any CPU.Build.0 = Debug|Any CPU
		{1BB66855-5DAE-4F1B-B62E-BA62EB9EFA5A}.Debug|x64.ActiveCfg = Debug|Any CPU
		{1BB66855-5DAE-4F1B-B62E-BA62EB9EFA5A}.Debug|x64.Build.0 = Debug|Any CPU
		{1BB66855-5DAE-4F1B-B62E-BA62EB9EFA5A}.Debug|x86.ActiveCfg = Debug|Any CPU
		{1BB66855-5DAE-4F1B-B62E-BA62EB9EFA5A}.Debug|x86.Build.0 = Debug|Any CPU
		{1BB66855-5DAE-4F1B-B62E-BA62EB9EFA5A}.Release|Any CPU.ActiveCfg = Release|Any CPU
		{1BB66855-5DAE-4F1B-B62E-BA62EB9EFA5A}.Release|Any CPU.Build.0 = Release|Any CPU
		{1BB66855-5DAE-4F1B-B62E-BA62EB9EFA5A}.Release|x64.ActiveCfg = Release|Any CPU
		{1BB66855-5DAE-4F1B-B62E-BA62EB9EFA5A}.Release|x64.Build.0 = Release|Any CPU
		{1BB66855-5DAE-4F1B-B62E-BA62EB9EFA5A}.Release|x86.ActiveCfg = Release|Any CPU
		{1BB66855-5DAE-4F1B-B62E-BA62EB9EFA5A}.Release|x86.Build.0 = Release|Any CPU
		{6EB1957A-03FA-42D8-9160-5FA506F777E6}.Debug|Any CPU.ActiveCfg = Debug|Any CPU
		{6EB1957A-03FA-42D8-9160-5FA506F777E6}.Debug|Any CPU.Build.0 = Debug|Any CPU
		{6EB1957A-03FA-42D8-9160-5FA506F777E6}.Debug|x64.ActiveCfg = Debug|Any CPU
		{6EB1957A-03FA-42D8-9160-5FA506F777E6}.Debug|x64.Build.0 = Debug|Any CPU
		{6EB1957A-03FA-42D8-9160-5FA506F777E6}.Debug|x86.ActiveCfg = Debug|Any CPU
		{6EB1957A-03FA-42D8-9160-5FA506F777E6}.Debug|x86.Build.0 = Debug|Any CPU
		{6EB1957A-03FA-42D8-9160-5FA506F777E6}.Release|Any CPU.ActiveCfg = Release|Any CPU
		{6EB1957A-03FA-42D8-9160-5FA506F777E6}.Release|Any CPU.Build.0 = Release|Any CPU
		{6EB1957A-03FA-42D8-9160-5FA506F777E6}.Release|x64.ActiveCfg = Release|Any CPU
		{6EB1957A-03FA-42D8-9160-5FA506F777E6}.Release|x64.Build.0 = Release|Any CPU
		{6EB1957A-03FA-42D8-9160-5FA506F777E6}.Release|x86.ActiveCfg = Release|Any CPU
		{6EB1957A-03FA-42D8-9160-5FA506F777E6}.Release|x86.Build.0 = Release|Any CPU
		{8A4C9F97-8670-4C7C-9E79-7A79462BA4E3}.Debug|Any CPU.ActiveCfg = Debug|Any CPU
		{8A4C9F97-8670-4C7C-9E79-7A79462BA4E3}.Debug|Any CPU.Build.0 = Debug|Any CPU
		{8A4C9F97-8670-4C7C-9E79-7A79462BA4E3}.Debug|x64.ActiveCfg = Debug|Any CPU
		{8A4C9F97-8670-4C7C-9E79-7A79462BA4E3}.Debug|x64.Build.0 = Debug|Any CPU
		{8A4C9F97-8670-4C7C-9E79-7A79462BA4E3}.Debug|x86.ActiveCfg = Debug|Any CPU
		{8A4C9F97-8670-4C7C-9E79-7A79462BA4E3}.Debug|x86.Build.0 = Debug|Any CPU
		{8A4C9F97-8670-4C7C-9E79-7A79462BA4E3}.Release|Any CPU.ActiveCfg = Release|Any CPU
		{8A4C9F97-8670-4C7C-9E79-7A79462BA4E3}.Release|Any CPU.Build.0 = Release|Any CPU
		{8A4C9F97-8670-4C7C-9E79-7A79462BA4E3}.Release|x64.ActiveCfg = Release|Any CPU
		{8A4C9F97-8670-4C7C-9E79-7A79462BA4E3}.Release|x64.Build.0 = Release|Any CPU
		{8A4C9F97-8670-4C7C-9E79-7A79462BA4E3}.Release|x86.ActiveCfg = Release|Any CPU
		{8A4C9F97-8670-4C7C-9E79-7A79462BA4E3}.Release|x86.Build.0 = Release|Any CPU
		{C236A8E3-1ABF-4339-B61C-3B4D054BF8F8}.Debug|Any CPU.ActiveCfg = Debug|Any CPU
		{C236A8E3-1ABF-4339-B61C-3B4D054BF8F8}.Debug|Any CPU.Build.0 = Debug|Any CPU
		{C236A8E3-1ABF-4339-B61C-3B4D054BF8F8}.Debug|x64.ActiveCfg = Debug|Any CPU
		{C236A8E3-1ABF-4339-B61C-3B4D054BF8F8}.Debug|x64.Build.0 = Debug|Any CPU
		{C236A8E3-1ABF-4339-B61C-3B4D054BF8F8}.Debug|x86.ActiveCfg = Debug|Any CPU
		{C236A8E3-1ABF-4339-B61C-3B4D054BF8F8}.Debug|x86.Build.0 = Debug|Any CPU
		{C236A8E3-1ABF-4339-B61C-3B4D054BF8F8}.Release|Any CPU.ActiveCfg = Release|Any CPU
		{C236A8E3-1ABF-4339-B61C-3B4D054BF8F8}.Release|Any CPU.Build.0 = Release|Any CPU
		{C236A8E3-1ABF-4339-B61C-3B4D054BF8F8}.Release|x64.ActiveCfg = Release|Any CPU
		{C236A8E3-1ABF-4339-B61C-3B4D054BF8F8}.Release|x64.Build.0 = Release|Any CPU
		{C236A8E3-1ABF-4339-B61C-3B4D054BF8F8}.Release|x86.ActiveCfg = Release|Any CPU
		{C236A8E3-1ABF-4339-B61C-3B4D054BF8F8}.Release|x86.Build.0 = Release|Any CPU
		{5A9BEA85-14E3-4C10-B535-01DB2A4B5631}.Debug|Any CPU.ActiveCfg = Debug|Any CPU
		{5A9BEA85-14E3-4C10-B535-01DB2A4B5631}.Debug|Any CPU.Build.0 = Debug|Any CPU
		{5A9BEA85-14E3-4C10-B535-01DB2A4B5631}.Debug|x64.ActiveCfg = Debug|Any CPU
		{5A9BEA85-14E3-4C10-B535-01DB2A4B5631}.Debug|x64.Build.0 = Debug|Any CPU
		{5A9BEA85-14E3-4C10-B535-01DB2A4B5631}.Debug|x86.ActiveCfg = Debug|Any CPU
		{5A9BEA85-14E3-4C10-B535-01DB2A4B5631}.Debug|x86.Build.0 = Debug|Any CPU
		{5A9BEA85-14E3-4C10-B535-01DB2A4B5631}.Release|Any CPU.ActiveCfg = Release|Any CPU
		{5A9BEA85-14E3-4C10-B535-01DB2A4B5631}.Release|Any CPU.Build.0 = Release|Any CPU
		{5A9BEA85-14E3-4C10-B535-01DB2A4B5631}.Release|x64.ActiveCfg = Release|Any CPU
		{5A9BEA85-14E3-4C10-B535-01DB2A4B5631}.Release|x64.Build.0 = Release|Any CPU
		{5A9BEA85-14E3-4C10-B535-01DB2A4B5631}.Release|x86.ActiveCfg = Release|Any CPU
		{5A9BEA85-14E3-4C10-B535-01DB2A4B5631}.Release|x86.Build.0 = Release|Any CPU
		{40CCC364-4878-4F47-8FBE-B42B7B0F132C}.Debug|Any CPU.ActiveCfg = Debug|Any CPU
		{40CCC364-4878-4F47-8FBE-B42B7B0F132C}.Debug|Any CPU.Build.0 = Debug|Any CPU
		{40CCC364-4878-4F47-8FBE-B42B7B0F132C}.Debug|x64.ActiveCfg = Debug|Any CPU
		{40CCC364-4878-4F47-8FBE-B42B7B0F132C}.Debug|x64.Build.0 = Debug|Any CPU
		{40CCC364-4878-4F47-8FBE-B42B7B0F132C}.Debug|x86.ActiveCfg = Debug|Any CPU
		{40CCC364-4878-4F47-8FBE-B42B7B0F132C}.Debug|x86.Build.0 = Debug|Any CPU
		{40CCC364-4878-4F47-8FBE-B42B7B0F132C}.Release|Any CPU.ActiveCfg = Release|Any CPU
		{40CCC364-4878-4F47-8FBE-B42B7B0F132C}.Release|Any CPU.Build.0 = Release|Any CPU
		{40CCC364-4878-4F47-8FBE-B42B7B0F132C}.Release|x64.ActiveCfg = Release|Any CPU
		{40CCC364-4878-4F47-8FBE-B42B7B0F132C}.Release|x64.Build.0 = Release|Any CPU
		{40CCC364-4878-4F47-8FBE-B42B7B0F132C}.Release|x86.ActiveCfg = Release|Any CPU
		{40CCC364-4878-4F47-8FBE-B42B7B0F132C}.Release|x86.Build.0 = Release|Any CPU
		{59A523CB-BA6F-43B5-8CBE-6FBCAE5E4D8C}.Debug|Any CPU.ActiveCfg = Debug|Any CPU
		{59A523CB-BA6F-43B5-8CBE-6FBCAE5E4D8C}.Debug|Any CPU.Build.0 = Debug|Any CPU
		{59A523CB-BA6F-43B5-8CBE-6FBCAE5E4D8C}.Debug|x64.ActiveCfg = Debug|Any CPU
		{59A523CB-BA6F-43B5-8CBE-6FBCAE5E4D8C}.Debug|x64.Build.0 = Debug|Any CPU
		{59A523CB-BA6F-43B5-8CBE-6FBCAE5E4D8C}.Debug|x86.ActiveCfg = Debug|Any CPU
		{59A523CB-BA6F-43B5-8CBE-6FBCAE5E4D8C}.Debug|x86.Build.0 = Debug|Any CPU
		{59A523CB-BA6F-43B5-8CBE-6FBCAE5E4D8C}.Release|Any CPU.ActiveCfg = Release|Any CPU
		{59A523CB-BA6F-43B5-8CBE-6FBCAE5E4D8C}.Release|Any CPU.Build.0 = Release|Any CPU
		{59A523CB-BA6F-43B5-8CBE-6FBCAE5E4D8C}.Release|x64.ActiveCfg = Release|Any CPU
		{59A523CB-BA6F-43B5-8CBE-6FBCAE5E4D8C}.Release|x64.Build.0 = Release|Any CPU
		{59A523CB-BA6F-43B5-8CBE-6FBCAE5E4D8C}.Release|x86.ActiveCfg = Release|Any CPU
		{59A523CB-BA6F-43B5-8CBE-6FBCAE5E4D8C}.Release|x86.Build.0 = Release|Any CPU
		{DCB4F85C-90FC-4223-AB12-C8B0B9002BED}.Debug|Any CPU.ActiveCfg = Debug|Any CPU
		{DCB4F85C-90FC-4223-AB12-C8B0B9002BED}.Debug|Any CPU.Build.0 = Debug|Any CPU
		{DCB4F85C-90FC-4223-AB12-C8B0B9002BED}.Debug|x64.ActiveCfg = Debug|Any CPU
		{DCB4F85C-90FC-4223-AB12-C8B0B9002BED}.Debug|x64.Build.0 = Debug|Any CPU
		{DCB4F85C-90FC-4223-AB12-C8B0B9002BED}.Debug|x86.ActiveCfg = Debug|Any CPU
		{DCB4F85C-90FC-4223-AB12-C8B0B9002BED}.Debug|x86.Build.0 = Debug|Any CPU
		{DCB4F85C-90FC-4223-AB12-C8B0B9002BED}.Release|Any CPU.ActiveCfg = Release|Any CPU
		{DCB4F85C-90FC-4223-AB12-C8B0B9002BED}.Release|Any CPU.Build.0 = Release|Any CPU
		{DCB4F85C-90FC-4223-AB12-C8B0B9002BED}.Release|x64.ActiveCfg = Release|Any CPU
		{DCB4F85C-90FC-4223-AB12-C8B0B9002BED}.Release|x64.Build.0 = Release|Any CPU
		{DCB4F85C-90FC-4223-AB12-C8B0B9002BED}.Release|x86.ActiveCfg = Release|Any CPU
		{DCB4F85C-90FC-4223-AB12-C8B0B9002BED}.Release|x86.Build.0 = Release|Any CPU
		{DDE9C91C-4295-4EF2-B959-17F8930BFEE2}.Debug|Any CPU.ActiveCfg = Debug|Any CPU
		{DDE9C91C-4295-4EF2-B959-17F8930BFEE2}.Debug|Any CPU.Build.0 = Debug|Any CPU
		{DDE9C91C-4295-4EF2-B959-17F8930BFEE2}.Debug|x64.ActiveCfg = Debug|Any CPU
		{DDE9C91C-4295-4EF2-B959-17F8930BFEE2}.Debug|x64.Build.0 = Debug|Any CPU
		{DDE9C91C-4295-4EF2-B959-17F8930BFEE2}.Debug|x86.ActiveCfg = Debug|Any CPU
		{DDE9C91C-4295-4EF2-B959-17F8930BFEE2}.Debug|x86.Build.0 = Debug|Any CPU
		{DDE9C91C-4295-4EF2-B959-17F8930BFEE2}.Release|Any CPU.ActiveCfg = Release|Any CPU
		{DDE9C91C-4295-4EF2-B959-17F8930BFEE2}.Release|Any CPU.Build.0 = Release|Any CPU
		{DDE9C91C-4295-4EF2-B959-17F8930BFEE2}.Release|x64.ActiveCfg = Release|Any CPU
		{DDE9C91C-4295-4EF2-B959-17F8930BFEE2}.Release|x64.Build.0 = Release|Any CPU
		{DDE9C91C-4295-4EF2-B959-17F8930BFEE2}.Release|x86.ActiveCfg = Release|Any CPU
		{DDE9C91C-4295-4EF2-B959-17F8930BFEE2}.Release|x86.Build.0 = Release|Any CPU
		{BC8C4E1E-9483-4B67-9447-530678D46B36}.Debug|Any CPU.ActiveCfg = Debug|Any CPU
		{BC8C4E1E-9483-4B67-9447-530678D46B36}.Debug|Any CPU.Build.0 = Debug|Any CPU
		{BC8C4E1E-9483-4B67-9447-530678D46B36}.Debug|x64.ActiveCfg = Debug|Any CPU
		{BC8C4E1E-9483-4B67-9447-530678D46B36}.Debug|x64.Build.0 = Debug|Any CPU
		{BC8C4E1E-9483-4B67-9447-530678D46B36}.Debug|x86.ActiveCfg = Debug|Any CPU
		{BC8C4E1E-9483-4B67-9447-530678D46B36}.Debug|x86.Build.0 = Debug|Any CPU
		{BC8C4E1E-9483-4B67-9447-530678D46B36}.Release|Any CPU.ActiveCfg = Release|Any CPU
		{BC8C4E1E-9483-4B67-9447-530678D46B36}.Release|Any CPU.Build.0 = Release|Any CPU
		{BC8C4E1E-9483-4B67-9447-530678D46B36}.Release|x64.ActiveCfg = Release|Any CPU
		{BC8C4E1E-9483-4B67-9447-530678D46B36}.Release|x64.Build.0 = Release|Any CPU
		{BC8C4E1E-9483-4B67-9447-530678D46B36}.Release|x86.ActiveCfg = Release|Any CPU
		{BC8C4E1E-9483-4B67-9447-530678D46B36}.Release|x86.Build.0 = Release|Any CPU
		{BA19AEEA-963F-46E1-B651-5BBA07FF5187}.Debug|Any CPU.ActiveCfg = Debug|Any CPU
		{BA19AEEA-963F-46E1-B651-5BBA07FF5187}.Debug|Any CPU.Build.0 = Debug|Any CPU
		{BA19AEEA-963F-46E1-B651-5BBA07FF5187}.Debug|x64.ActiveCfg = Debug|Any CPU
		{BA19AEEA-963F-46E1-B651-5BBA07FF5187}.Debug|x64.Build.0 = Debug|Any CPU
		{BA19AEEA-963F-46E1-B651-5BBA07FF5187}.Debug|x86.ActiveCfg = Debug|Any CPU
		{BA19AEEA-963F-46E1-B651-5BBA07FF5187}.Debug|x86.Build.0 = Debug|Any CPU
		{BA19AEEA-963F-46E1-B651-5BBA07FF5187}.Release|Any CPU.ActiveCfg = Release|Any CPU
		{BA19AEEA-963F-46E1-B651-5BBA07FF5187}.Release|Any CPU.Build.0 = Release|Any CPU
		{BA19AEEA-963F-46E1-B651-5BBA07FF5187}.Release|x64.ActiveCfg = Release|Any CPU
		{BA19AEEA-963F-46E1-B651-5BBA07FF5187}.Release|x64.Build.0 = Release|Any CPU
		{BA19AEEA-963F-46E1-B651-5BBA07FF5187}.Release|x86.ActiveCfg = Release|Any CPU
		{BA19AEEA-963F-46E1-B651-5BBA07FF5187}.Release|x86.Build.0 = Release|Any CPU
		{AAB993E4-57A7-4109-A65C-E413D6600BBF}.Debug|Any CPU.ActiveCfg = Debug|Any CPU
		{AAB993E4-57A7-4109-A65C-E413D6600BBF}.Debug|Any CPU.Build.0 = Debug|Any CPU
		{AAB993E4-57A7-4109-A65C-E413D6600BBF}.Debug|x64.ActiveCfg = Debug|Any CPU
		{AAB993E4-57A7-4109-A65C-E413D6600BBF}.Debug|x64.Build.0 = Debug|Any CPU
		{AAB993E4-57A7-4109-A65C-E413D6600BBF}.Debug|x86.ActiveCfg = Debug|Any CPU
		{AAB993E4-57A7-4109-A65C-E413D6600BBF}.Debug|x86.Build.0 = Debug|Any CPU
		{AAB993E4-57A7-4109-A65C-E413D6600BBF}.Release|Any CPU.ActiveCfg = Release|Any CPU
		{AAB993E4-57A7-4109-A65C-E413D6600BBF}.Release|Any CPU.Build.0 = Release|Any CPU
		{AAB993E4-57A7-4109-A65C-E413D6600BBF}.Release|x64.ActiveCfg = Release|Any CPU
		{AAB993E4-57A7-4109-A65C-E413D6600BBF}.Release|x64.Build.0 = Release|Any CPU
		{AAB993E4-57A7-4109-A65C-E413D6600BBF}.Release|x86.ActiveCfg = Release|Any CPU
		{AAB993E4-57A7-4109-A65C-E413D6600BBF}.Release|x86.Build.0 = Release|Any CPU
		{6EB0BE44-BEF0-4E38-BE2E-3C0AA816D369}.Debug|Any CPU.ActiveCfg = Debug|Any CPU
		{6EB0BE44-BEF0-4E38-BE2E-3C0AA816D369}.Debug|Any CPU.Build.0 = Debug|Any CPU
		{6EB0BE44-BEF0-4E38-BE2E-3C0AA816D369}.Debug|x64.ActiveCfg = Debug|Any CPU
		{6EB0BE44-BEF0-4E38-BE2E-3C0AA816D369}.Debug|x64.Build.0 = Debug|Any CPU
		{6EB0BE44-BEF0-4E38-BE2E-3C0AA816D369}.Debug|x86.ActiveCfg = Debug|Any CPU
		{6EB0BE44-BEF0-4E38-BE2E-3C0AA816D369}.Debug|x86.Build.0 = Debug|Any CPU
		{6EB0BE44-BEF0-4E38-BE2E-3C0AA816D369}.Release|Any CPU.ActiveCfg = Release|Any CPU
		{6EB0BE44-BEF0-4E38-BE2E-3C0AA816D369}.Release|Any CPU.Build.0 = Release|Any CPU
		{6EB0BE44-BEF0-4E38-BE2E-3C0AA816D369}.Release|x64.ActiveCfg = Release|Any CPU
		{6EB0BE44-BEF0-4E38-BE2E-3C0AA816D369}.Release|x64.Build.0 = Release|Any CPU
		{6EB0BE44-BEF0-4E38-BE2E-3C0AA816D369}.Release|x86.ActiveCfg = Release|Any CPU
		{6EB0BE44-BEF0-4E38-BE2E-3C0AA816D369}.Release|x86.Build.0 = Release|Any CPU
		{27053CC5-C9EA-46EF-8D92-8835E35D0ADF}.Debug|Any CPU.ActiveCfg = Debug|Any CPU
		{27053CC5-C9EA-46EF-8D92-8835E35D0ADF}.Debug|Any CPU.Build.0 = Debug|Any CPU
		{27053CC5-C9EA-46EF-8D92-8835E35D0ADF}.Debug|x64.ActiveCfg = Debug|Any CPU
		{27053CC5-C9EA-46EF-8D92-8835E35D0ADF}.Debug|x64.Build.0 = Debug|Any CPU
		{27053CC5-C9EA-46EF-8D92-8835E35D0ADF}.Debug|x86.ActiveCfg = Debug|Any CPU
		{27053CC5-C9EA-46EF-8D92-8835E35D0ADF}.Debug|x86.Build.0 = Debug|Any CPU
		{27053CC5-C9EA-46EF-8D92-8835E35D0ADF}.Release|Any CPU.ActiveCfg = Release|Any CPU
		{27053CC5-C9EA-46EF-8D92-8835E35D0ADF}.Release|Any CPU.Build.0 = Release|Any CPU
		{27053CC5-C9EA-46EF-8D92-8835E35D0ADF}.Release|x64.ActiveCfg = Release|Any CPU
		{27053CC5-C9EA-46EF-8D92-8835E35D0ADF}.Release|x64.Build.0 = Release|Any CPU
		{27053CC5-C9EA-46EF-8D92-8835E35D0ADF}.Release|x86.ActiveCfg = Release|Any CPU
		{27053CC5-C9EA-46EF-8D92-8835E35D0ADF}.Release|x86.Build.0 = Release|Any CPU
		{0ED59623-5B3B-4054-825D-E4F5AAF8C413}.Debug|Any CPU.ActiveCfg = Debug|Any CPU
		{0ED59623-5B3B-4054-825D-E4F5AAF8C413}.Debug|Any CPU.Build.0 = Debug|Any CPU
		{0ED59623-5B3B-4054-825D-E4F5AAF8C413}.Debug|x64.ActiveCfg = Debug|Any CPU
		{0ED59623-5B3B-4054-825D-E4F5AAF8C413}.Debug|x64.Build.0 = Debug|Any CPU
		{0ED59623-5B3B-4054-825D-E4F5AAF8C413}.Debug|x86.ActiveCfg = Debug|Any CPU
		{0ED59623-5B3B-4054-825D-E4F5AAF8C413}.Debug|x86.Build.0 = Debug|Any CPU
		{0ED59623-5B3B-4054-825D-E4F5AAF8C413}.Release|Any CPU.ActiveCfg = Release|Any CPU
		{0ED59623-5B3B-4054-825D-E4F5AAF8C413}.Release|Any CPU.Build.0 = Release|Any CPU
		{0ED59623-5B3B-4054-825D-E4F5AAF8C413}.Release|x64.ActiveCfg = Release|Any CPU
		{0ED59623-5B3B-4054-825D-E4F5AAF8C413}.Release|x64.Build.0 = Release|Any CPU
		{0ED59623-5B3B-4054-825D-E4F5AAF8C413}.Release|x86.ActiveCfg = Release|Any CPU
		{0ED59623-5B3B-4054-825D-E4F5AAF8C413}.Release|x86.Build.0 = Release|Any CPU
		{6811B5F8-88D1-42D8-8459-05AE136D2F58}.Debug|Any CPU.ActiveCfg = Debug|Any CPU
		{6811B5F8-88D1-42D8-8459-05AE136D2F58}.Debug|Any CPU.Build.0 = Debug|Any CPU
		{6811B5F8-88D1-42D8-8459-05AE136D2F58}.Debug|x64.ActiveCfg = Debug|Any CPU
		{6811B5F8-88D1-42D8-8459-05AE136D2F58}.Debug|x64.Build.0 = Debug|Any CPU
		{6811B5F8-88D1-42D8-8459-05AE136D2F58}.Debug|x86.ActiveCfg = Debug|Any CPU
		{6811B5F8-88D1-42D8-8459-05AE136D2F58}.Debug|x86.Build.0 = Debug|Any CPU
		{6811B5F8-88D1-42D8-8459-05AE136D2F58}.Release|Any CPU.ActiveCfg = Release|Any CPU
		{6811B5F8-88D1-42D8-8459-05AE136D2F58}.Release|Any CPU.Build.0 = Release|Any CPU
		{6811B5F8-88D1-42D8-8459-05AE136D2F58}.Release|x64.ActiveCfg = Release|Any CPU
		{6811B5F8-88D1-42D8-8459-05AE136D2F58}.Release|x64.Build.0 = Release|Any CPU
		{6811B5F8-88D1-42D8-8459-05AE136D2F58}.Release|x86.ActiveCfg = Release|Any CPU
		{6811B5F8-88D1-42D8-8459-05AE136D2F58}.Release|x86.Build.0 = Release|Any CPU
		{1C9213F5-A760-4C62-B0F0-F6DAABC86693}.Debug|Any CPU.ActiveCfg = Debug|Any CPU
		{1C9213F5-A760-4C62-B0F0-F6DAABC86693}.Debug|Any CPU.Build.0 = Debug|Any CPU
		{1C9213F5-A760-4C62-B0F0-F6DAABC86693}.Debug|x64.ActiveCfg = Debug|Any CPU
		{1C9213F5-A760-4C62-B0F0-F6DAABC86693}.Debug|x64.Build.0 = Debug|Any CPU
		{1C9213F5-A760-4C62-B0F0-F6DAABC86693}.Debug|x86.ActiveCfg = Debug|Any CPU
		{1C9213F5-A760-4C62-B0F0-F6DAABC86693}.Debug|x86.Build.0 = Debug|Any CPU
		{1C9213F5-A760-4C62-B0F0-F6DAABC86693}.Release|Any CPU.ActiveCfg = Release|Any CPU
		{1C9213F5-A760-4C62-B0F0-F6DAABC86693}.Release|Any CPU.Build.0 = Release|Any CPU
		{1C9213F5-A760-4C62-B0F0-F6DAABC86693}.Release|x64.ActiveCfg = Release|Any CPU
		{1C9213F5-A760-4C62-B0F0-F6DAABC86693}.Release|x64.Build.0 = Release|Any CPU
		{1C9213F5-A760-4C62-B0F0-F6DAABC86693}.Release|x86.ActiveCfg = Release|Any CPU
		{1C9213F5-A760-4C62-B0F0-F6DAABC86693}.Release|x86.Build.0 = Release|Any CPU
		{FB3688CB-4596-485A-96B3-1956E801ED15}.Debug|Any CPU.ActiveCfg = Debug|Any CPU
		{FB3688CB-4596-485A-96B3-1956E801ED15}.Debug|Any CPU.Build.0 = Debug|Any CPU
		{FB3688CB-4596-485A-96B3-1956E801ED15}.Debug|x64.ActiveCfg = Debug|Any CPU
		{FB3688CB-4596-485A-96B3-1956E801ED15}.Debug|x64.Build.0 = Debug|Any CPU
		{FB3688CB-4596-485A-96B3-1956E801ED15}.Debug|x86.ActiveCfg = Debug|Any CPU
		{FB3688CB-4596-485A-96B3-1956E801ED15}.Debug|x86.Build.0 = Debug|Any CPU
		{FB3688CB-4596-485A-96B3-1956E801ED15}.Release|Any CPU.ActiveCfg = Release|Any CPU
		{FB3688CB-4596-485A-96B3-1956E801ED15}.Release|Any CPU.Build.0 = Release|Any CPU
		{FB3688CB-4596-485A-96B3-1956E801ED15}.Release|x64.ActiveCfg = Release|Any CPU
		{FB3688CB-4596-485A-96B3-1956E801ED15}.Release|x64.Build.0 = Release|Any CPU
		{FB3688CB-4596-485A-96B3-1956E801ED15}.Release|x86.ActiveCfg = Release|Any CPU
		{FB3688CB-4596-485A-96B3-1956E801ED15}.Release|x86.Build.0 = Release|Any CPU
		{DB2FC3B5-DF7A-4F50-8DE8-FF483DBC41F5}.Debug|Any CPU.ActiveCfg = Debug|Any CPU
		{DB2FC3B5-DF7A-4F50-8DE8-FF483DBC41F5}.Debug|Any CPU.Build.0 = Debug|Any CPU
		{DB2FC3B5-DF7A-4F50-8DE8-FF483DBC41F5}.Debug|x64.ActiveCfg = Debug|Any CPU
		{DB2FC3B5-DF7A-4F50-8DE8-FF483DBC41F5}.Debug|x64.Build.0 = Debug|Any CPU
		{DB2FC3B5-DF7A-4F50-8DE8-FF483DBC41F5}.Debug|x86.ActiveCfg = Debug|Any CPU
		{DB2FC3B5-DF7A-4F50-8DE8-FF483DBC41F5}.Debug|x86.Build.0 = Debug|Any CPU
		{DB2FC3B5-DF7A-4F50-8DE8-FF483DBC41F5}.Release|Any CPU.ActiveCfg = Release|Any CPU
		{DB2FC3B5-DF7A-4F50-8DE8-FF483DBC41F5}.Release|Any CPU.Build.0 = Release|Any CPU
		{DB2FC3B5-DF7A-4F50-8DE8-FF483DBC41F5}.Release|x64.ActiveCfg = Release|Any CPU
		{DB2FC3B5-DF7A-4F50-8DE8-FF483DBC41F5}.Release|x64.Build.0 = Release|Any CPU
		{DB2FC3B5-DF7A-4F50-8DE8-FF483DBC41F5}.Release|x86.ActiveCfg = Release|Any CPU
		{DB2FC3B5-DF7A-4F50-8DE8-FF483DBC41F5}.Release|x86.Build.0 = Release|Any CPU
		{7137FF5D-B652-447C-A1C9-C401A1A9365C}.Debug|Any CPU.ActiveCfg = Debug|Any CPU
		{7137FF5D-B652-447C-A1C9-C401A1A9365C}.Debug|Any CPU.Build.0 = Debug|Any CPU
		{7137FF5D-B652-447C-A1C9-C401A1A9365C}.Debug|x64.ActiveCfg = Debug|Any CPU
		{7137FF5D-B652-447C-A1C9-C401A1A9365C}.Debug|x64.Build.0 = Debug|Any CPU
		{7137FF5D-B652-447C-A1C9-C401A1A9365C}.Debug|x86.ActiveCfg = Debug|Any CPU
		{7137FF5D-B652-447C-A1C9-C401A1A9365C}.Debug|x86.Build.0 = Debug|Any CPU
		{7137FF5D-B652-447C-A1C9-C401A1A9365C}.Release|Any CPU.ActiveCfg = Release|Any CPU
		{7137FF5D-B652-447C-A1C9-C401A1A9365C}.Release|Any CPU.Build.0 = Release|Any CPU
		{7137FF5D-B652-447C-A1C9-C401A1A9365C}.Release|x64.ActiveCfg = Release|Any CPU
		{7137FF5D-B652-447C-A1C9-C401A1A9365C}.Release|x64.Build.0 = Release|Any CPU
		{7137FF5D-B652-447C-A1C9-C401A1A9365C}.Release|x86.ActiveCfg = Release|Any CPU
		{7137FF5D-B652-447C-A1C9-C401A1A9365C}.Release|x86.Build.0 = Release|Any CPU
		{CFCD24A7-DBDA-4FDC-B4A4-F6F82EB31877}.Debug|Any CPU.ActiveCfg = Debug|Any CPU
		{CFCD24A7-DBDA-4FDC-B4A4-F6F82EB31877}.Debug|Any CPU.Build.0 = Debug|Any CPU
		{CFCD24A7-DBDA-4FDC-B4A4-F6F82EB31877}.Debug|x64.ActiveCfg = Debug|Any CPU
		{CFCD24A7-DBDA-4FDC-B4A4-F6F82EB31877}.Debug|x64.Build.0 = Debug|Any CPU
		{CFCD24A7-DBDA-4FDC-B4A4-F6F82EB31877}.Debug|x86.ActiveCfg = Debug|Any CPU
		{CFCD24A7-DBDA-4FDC-B4A4-F6F82EB31877}.Debug|x86.Build.0 = Debug|Any CPU
		{CFCD24A7-DBDA-4FDC-B4A4-F6F82EB31877}.Release|Any CPU.ActiveCfg = Release|Any CPU
		{CFCD24A7-DBDA-4FDC-B4A4-F6F82EB31877}.Release|Any CPU.Build.0 = Release|Any CPU
		{CFCD24A7-DBDA-4FDC-B4A4-F6F82EB31877}.Release|x64.ActiveCfg = Release|Any CPU
		{CFCD24A7-DBDA-4FDC-B4A4-F6F82EB31877}.Release|x64.Build.0 = Release|Any CPU
		{CFCD24A7-DBDA-4FDC-B4A4-F6F82EB31877}.Release|x86.ActiveCfg = Release|Any CPU
		{CFCD24A7-DBDA-4FDC-B4A4-F6F82EB31877}.Release|x86.Build.0 = Release|Any CPU
		{1AD2CAD8-2C06-4AD5-A482-7DDFA5BD00A3}.Debug|Any CPU.ActiveCfg = Debug|Any CPU
		{1AD2CAD8-2C06-4AD5-A482-7DDFA5BD00A3}.Debug|Any CPU.Build.0 = Debug|Any CPU
		{1AD2CAD8-2C06-4AD5-A482-7DDFA5BD00A3}.Debug|x64.ActiveCfg = Debug|Any CPU
		{1AD2CAD8-2C06-4AD5-A482-7DDFA5BD00A3}.Debug|x64.Build.0 = Debug|Any CPU
		{1AD2CAD8-2C06-4AD5-A482-7DDFA5BD00A3}.Debug|x86.ActiveCfg = Debug|Any CPU
		{1AD2CAD8-2C06-4AD5-A482-7DDFA5BD00A3}.Debug|x86.Build.0 = Debug|Any CPU
		{1AD2CAD8-2C06-4AD5-A482-7DDFA5BD00A3}.Release|Any CPU.ActiveCfg = Release|Any CPU
		{1AD2CAD8-2C06-4AD5-A482-7DDFA5BD00A3}.Release|Any CPU.Build.0 = Release|Any CPU
		{1AD2CAD8-2C06-4AD5-A482-7DDFA5BD00A3}.Release|x64.ActiveCfg = Release|Any CPU
		{1AD2CAD8-2C06-4AD5-A482-7DDFA5BD00A3}.Release|x64.Build.0 = Release|Any CPU
		{1AD2CAD8-2C06-4AD5-A482-7DDFA5BD00A3}.Release|x86.ActiveCfg = Release|Any CPU
		{1AD2CAD8-2C06-4AD5-A482-7DDFA5BD00A3}.Release|x86.Build.0 = Release|Any CPU
		{11C1E555-F93A-45BC-B7A0-E86DC3120243}.Debug|Any CPU.ActiveCfg = Debug|Any CPU
		{11C1E555-F93A-45BC-B7A0-E86DC3120243}.Debug|Any CPU.Build.0 = Debug|Any CPU
		{11C1E555-F93A-45BC-B7A0-E86DC3120243}.Debug|x64.ActiveCfg = Debug|Any CPU
		{11C1E555-F93A-45BC-B7A0-E86DC3120243}.Debug|x64.Build.0 = Debug|Any CPU
		{11C1E555-F93A-45BC-B7A0-E86DC3120243}.Debug|x86.ActiveCfg = Debug|Any CPU
		{11C1E555-F93A-45BC-B7A0-E86DC3120243}.Debug|x86.Build.0 = Debug|Any CPU
		{11C1E555-F93A-45BC-B7A0-E86DC3120243}.Release|Any CPU.ActiveCfg = Release|Any CPU
		{11C1E555-F93A-45BC-B7A0-E86DC3120243}.Release|Any CPU.Build.0 = Release|Any CPU
		{11C1E555-F93A-45BC-B7A0-E86DC3120243}.Release|x64.ActiveCfg = Release|Any CPU
		{11C1E555-F93A-45BC-B7A0-E86DC3120243}.Release|x64.Build.0 = Release|Any CPU
		{11C1E555-F93A-45BC-B7A0-E86DC3120243}.Release|x86.ActiveCfg = Release|Any CPU
		{11C1E555-F93A-45BC-B7A0-E86DC3120243}.Release|x86.Build.0 = Release|Any CPU
		{0BB5C2FD-1B6D-4B6D-954D-9AC78B3B6058}.Debug|Any CPU.ActiveCfg = Debug|Any CPU
		{0BB5C2FD-1B6D-4B6D-954D-9AC78B3B6058}.Debug|Any CPU.Build.0 = Debug|Any CPU
		{0BB5C2FD-1B6D-4B6D-954D-9AC78B3B6058}.Debug|x64.ActiveCfg = Debug|Any CPU
		{0BB5C2FD-1B6D-4B6D-954D-9AC78B3B6058}.Debug|x64.Build.0 = Debug|Any CPU
		{0BB5C2FD-1B6D-4B6D-954D-9AC78B3B6058}.Debug|x86.ActiveCfg = Debug|Any CPU
		{0BB5C2FD-1B6D-4B6D-954D-9AC78B3B6058}.Debug|x86.Build.0 = Debug|Any CPU
		{0BB5C2FD-1B6D-4B6D-954D-9AC78B3B6058}.Release|Any CPU.ActiveCfg = Release|Any CPU
		{0BB5C2FD-1B6D-4B6D-954D-9AC78B3B6058}.Release|Any CPU.Build.0 = Release|Any CPU
		{0BB5C2FD-1B6D-4B6D-954D-9AC78B3B6058}.Release|x64.ActiveCfg = Release|Any CPU
		{0BB5C2FD-1B6D-4B6D-954D-9AC78B3B6058}.Release|x64.Build.0 = Release|Any CPU
		{0BB5C2FD-1B6D-4B6D-954D-9AC78B3B6058}.Release|x86.ActiveCfg = Release|Any CPU
		{0BB5C2FD-1B6D-4B6D-954D-9AC78B3B6058}.Release|x86.Build.0 = Release|Any CPU
		{38567DF7-5614-449C-8EEA-C4E53908D0E6}.Debug|Any CPU.ActiveCfg = Debug|Any CPU
		{38567DF7-5614-449C-8EEA-C4E53908D0E6}.Debug|Any CPU.Build.0 = Debug|Any CPU
		{38567DF7-5614-449C-8EEA-C4E53908D0E6}.Debug|x64.ActiveCfg = Debug|Any CPU
		{38567DF7-5614-449C-8EEA-C4E53908D0E6}.Debug|x64.Build.0 = Debug|Any CPU
		{38567DF7-5614-449C-8EEA-C4E53908D0E6}.Debug|x86.ActiveCfg = Debug|Any CPU
		{38567DF7-5614-449C-8EEA-C4E53908D0E6}.Debug|x86.Build.0 = Debug|Any CPU
		{38567DF7-5614-449C-8EEA-C4E53908D0E6}.Release|Any CPU.ActiveCfg = Release|Any CPU
		{38567DF7-5614-449C-8EEA-C4E53908D0E6}.Release|Any CPU.Build.0 = Release|Any CPU
		{38567DF7-5614-449C-8EEA-C4E53908D0E6}.Release|x64.ActiveCfg = Release|Any CPU
		{38567DF7-5614-449C-8EEA-C4E53908D0E6}.Release|x64.Build.0 = Release|Any CPU
		{38567DF7-5614-449C-8EEA-C4E53908D0E6}.Release|x86.ActiveCfg = Release|Any CPU
		{38567DF7-5614-449C-8EEA-C4E53908D0E6}.Release|x86.Build.0 = Release|Any CPU
		{AC3D00EB-9ED9-437A-9C5D-8AF7CB1E6E9B}.Debug|Any CPU.ActiveCfg = Debug|Any CPU
		{AC3D00EB-9ED9-437A-9C5D-8AF7CB1E6E9B}.Debug|Any CPU.Build.0 = Debug|Any CPU
		{AC3D00EB-9ED9-437A-9C5D-8AF7CB1E6E9B}.Debug|x64.ActiveCfg = Debug|Any CPU
		{AC3D00EB-9ED9-437A-9C5D-8AF7CB1E6E9B}.Debug|x64.Build.0 = Debug|Any CPU
		{AC3D00EB-9ED9-437A-9C5D-8AF7CB1E6E9B}.Debug|x86.ActiveCfg = Debug|Any CPU
		{AC3D00EB-9ED9-437A-9C5D-8AF7CB1E6E9B}.Debug|x86.Build.0 = Debug|Any CPU
		{AC3D00EB-9ED9-437A-9C5D-8AF7CB1E6E9B}.Release|Any CPU.ActiveCfg = Release|Any CPU
		{AC3D00EB-9ED9-437A-9C5D-8AF7CB1E6E9B}.Release|Any CPU.Build.0 = Release|Any CPU
		{AC3D00EB-9ED9-437A-9C5D-8AF7CB1E6E9B}.Release|x64.ActiveCfg = Release|Any CPU
		{AC3D00EB-9ED9-437A-9C5D-8AF7CB1E6E9B}.Release|x64.Build.0 = Release|Any CPU
		{AC3D00EB-9ED9-437A-9C5D-8AF7CB1E6E9B}.Release|x86.ActiveCfg = Release|Any CPU
		{AC3D00EB-9ED9-437A-9C5D-8AF7CB1E6E9B}.Release|x86.Build.0 = Release|Any CPU
		{47B8DA9D-1A3F-474B-A65B-67EBAFA3D099}.Debug|Any CPU.ActiveCfg = Debug|Any CPU
		{47B8DA9D-1A3F-474B-A65B-67EBAFA3D099}.Debug|Any CPU.Build.0 = Debug|Any CPU
		{47B8DA9D-1A3F-474B-A65B-67EBAFA3D099}.Debug|x64.ActiveCfg = Debug|Any CPU
		{47B8DA9D-1A3F-474B-A65B-67EBAFA3D099}.Debug|x64.Build.0 = Debug|Any CPU
		{47B8DA9D-1A3F-474B-A65B-67EBAFA3D099}.Debug|x86.ActiveCfg = Debug|Any CPU
		{47B8DA9D-1A3F-474B-A65B-67EBAFA3D099}.Debug|x86.Build.0 = Debug|Any CPU
		{47B8DA9D-1A3F-474B-A65B-67EBAFA3D099}.Release|Any CPU.ActiveCfg = Release|Any CPU
		{47B8DA9D-1A3F-474B-A65B-67EBAFA3D099}.Release|Any CPU.Build.0 = Release|Any CPU
		{47B8DA9D-1A3F-474B-A65B-67EBAFA3D099}.Release|x64.ActiveCfg = Release|Any CPU
		{47B8DA9D-1A3F-474B-A65B-67EBAFA3D099}.Release|x64.Build.0 = Release|Any CPU
		{47B8DA9D-1A3F-474B-A65B-67EBAFA3D099}.Release|x86.ActiveCfg = Release|Any CPU
		{47B8DA9D-1A3F-474B-A65B-67EBAFA3D099}.Release|x86.Build.0 = Release|Any CPU
		{B34F8FA3-D615-4933-9702-A7F40D9CF51E}.Debug|Any CPU.ActiveCfg = Debug|Any CPU
		{B34F8FA3-D615-4933-9702-A7F40D9CF51E}.Debug|Any CPU.Build.0 = Debug|Any CPU
		{B34F8FA3-D615-4933-9702-A7F40D9CF51E}.Debug|x64.ActiveCfg = Debug|Any CPU
		{B34F8FA3-D615-4933-9702-A7F40D9CF51E}.Debug|x64.Build.0 = Debug|Any CPU
		{B34F8FA3-D615-4933-9702-A7F40D9CF51E}.Debug|x86.ActiveCfg = Debug|Any CPU
		{B34F8FA3-D615-4933-9702-A7F40D9CF51E}.Debug|x86.Build.0 = Debug|Any CPU
		{B34F8FA3-D615-4933-9702-A7F40D9CF51E}.Release|Any CPU.ActiveCfg = Release|Any CPU
		{B34F8FA3-D615-4933-9702-A7F40D9CF51E}.Release|Any CPU.Build.0 = Release|Any CPU
		{B34F8FA3-D615-4933-9702-A7F40D9CF51E}.Release|x64.ActiveCfg = Release|Any CPU
		{B34F8FA3-D615-4933-9702-A7F40D9CF51E}.Release|x64.Build.0 = Release|Any CPU
		{B34F8FA3-D615-4933-9702-A7F40D9CF51E}.Release|x86.ActiveCfg = Release|Any CPU
		{B34F8FA3-D615-4933-9702-A7F40D9CF51E}.Release|x86.Build.0 = Release|Any CPU
		{514A1C56-376D-46AE-8BC9-DFF40F577379}.Debug|Any CPU.ActiveCfg = Debug|Any CPU
		{514A1C56-376D-46AE-8BC9-DFF40F577379}.Debug|Any CPU.Build.0 = Debug|Any CPU
		{514A1C56-376D-46AE-8BC9-DFF40F577379}.Debug|x64.ActiveCfg = Debug|Any CPU
		{514A1C56-376D-46AE-8BC9-DFF40F577379}.Debug|x64.Build.0 = Debug|Any CPU
		{514A1C56-376D-46AE-8BC9-DFF40F577379}.Debug|x86.ActiveCfg = Debug|Any CPU
		{514A1C56-376D-46AE-8BC9-DFF40F577379}.Debug|x86.Build.0 = Debug|Any CPU
		{514A1C56-376D-46AE-8BC9-DFF40F577379}.Release|Any CPU.ActiveCfg = Release|Any CPU
		{514A1C56-376D-46AE-8BC9-DFF40F577379}.Release|Any CPU.Build.0 = Release|Any CPU
		{514A1C56-376D-46AE-8BC9-DFF40F577379}.Release|x64.ActiveCfg = Release|Any CPU
		{514A1C56-376D-46AE-8BC9-DFF40F577379}.Release|x64.Build.0 = Release|Any CPU
		{514A1C56-376D-46AE-8BC9-DFF40F577379}.Release|x86.ActiveCfg = Release|Any CPU
		{514A1C56-376D-46AE-8BC9-DFF40F577379}.Release|x86.Build.0 = Release|Any CPU
		{97AF795A-72D4-4509-8C30-AA8B77612DF6}.Debug|Any CPU.ActiveCfg = Debug|Any CPU
		{97AF795A-72D4-4509-8C30-AA8B77612DF6}.Debug|Any CPU.Build.0 = Debug|Any CPU
		{97AF795A-72D4-4509-8C30-AA8B77612DF6}.Debug|x64.ActiveCfg = Debug|Any CPU
		{97AF795A-72D4-4509-8C30-AA8B77612DF6}.Debug|x64.Build.0 = Debug|Any CPU
		{97AF795A-72D4-4509-8C30-AA8B77612DF6}.Debug|x86.ActiveCfg = Debug|Any CPU
		{97AF795A-72D4-4509-8C30-AA8B77612DF6}.Debug|x86.Build.0 = Debug|Any CPU
		{97AF795A-72D4-4509-8C30-AA8B77612DF6}.Release|Any CPU.ActiveCfg = Release|Any CPU
		{97AF795A-72D4-4509-8C30-AA8B77612DF6}.Release|Any CPU.Build.0 = Release|Any CPU
		{97AF795A-72D4-4509-8C30-AA8B77612DF6}.Release|x64.ActiveCfg = Release|Any CPU
		{97AF795A-72D4-4509-8C30-AA8B77612DF6}.Release|x64.Build.0 = Release|Any CPU
		{97AF795A-72D4-4509-8C30-AA8B77612DF6}.Release|x86.ActiveCfg = Release|Any CPU
		{97AF795A-72D4-4509-8C30-AA8B77612DF6}.Release|x86.Build.0 = Release|Any CPU
		{50CA218F-02D8-45FC-A80E-B7480D2F3CDA}.Debug|Any CPU.ActiveCfg = Debug|Any CPU
		{50CA218F-02D8-45FC-A80E-B7480D2F3CDA}.Debug|Any CPU.Build.0 = Debug|Any CPU
		{50CA218F-02D8-45FC-A80E-B7480D2F3CDA}.Debug|x64.ActiveCfg = Debug|Any CPU
		{50CA218F-02D8-45FC-A80E-B7480D2F3CDA}.Debug|x64.Build.0 = Debug|Any CPU
		{50CA218F-02D8-45FC-A80E-B7480D2F3CDA}.Debug|x86.ActiveCfg = Debug|Any CPU
		{50CA218F-02D8-45FC-A80E-B7480D2F3CDA}.Debug|x86.Build.0 = Debug|Any CPU
		{50CA218F-02D8-45FC-A80E-B7480D2F3CDA}.Release|Any CPU.ActiveCfg = Release|Any CPU
		{50CA218F-02D8-45FC-A80E-B7480D2F3CDA}.Release|Any CPU.Build.0 = Release|Any CPU
		{50CA218F-02D8-45FC-A80E-B7480D2F3CDA}.Release|x64.ActiveCfg = Release|Any CPU
		{50CA218F-02D8-45FC-A80E-B7480D2F3CDA}.Release|x64.Build.0 = Release|Any CPU
		{50CA218F-02D8-45FC-A80E-B7480D2F3CDA}.Release|x86.ActiveCfg = Release|Any CPU
		{50CA218F-02D8-45FC-A80E-B7480D2F3CDA}.Release|x86.Build.0 = Release|Any CPU
		{48D7BC0A-7596-4675-9AF7-0F0321763D35}.Debug|Any CPU.ActiveCfg = Debug|Any CPU
		{48D7BC0A-7596-4675-9AF7-0F0321763D35}.Debug|Any CPU.Build.0 = Debug|Any CPU
		{48D7BC0A-7596-4675-9AF7-0F0321763D35}.Debug|x64.ActiveCfg = Debug|Any CPU
		{48D7BC0A-7596-4675-9AF7-0F0321763D35}.Debug|x64.Build.0 = Debug|Any CPU
		{48D7BC0A-7596-4675-9AF7-0F0321763D35}.Debug|x86.ActiveCfg = Debug|Any CPU
		{48D7BC0A-7596-4675-9AF7-0F0321763D35}.Debug|x86.Build.0 = Debug|Any CPU
		{48D7BC0A-7596-4675-9AF7-0F0321763D35}.Release|Any CPU.ActiveCfg = Release|Any CPU
		{48D7BC0A-7596-4675-9AF7-0F0321763D35}.Release|Any CPU.Build.0 = Release|Any CPU
		{48D7BC0A-7596-4675-9AF7-0F0321763D35}.Release|x64.ActiveCfg = Release|Any CPU
		{48D7BC0A-7596-4675-9AF7-0F0321763D35}.Release|x64.Build.0 = Release|Any CPU
		{48D7BC0A-7596-4675-9AF7-0F0321763D35}.Release|x86.ActiveCfg = Release|Any CPU
		{48D7BC0A-7596-4675-9AF7-0F0321763D35}.Release|x86.Build.0 = Release|Any CPU
		{20697E10-DC52-4A69-A859-27CBE4B2F1B5}.Debug|Any CPU.ActiveCfg = Debug|Any CPU
		{20697E10-DC52-4A69-A859-27CBE4B2F1B5}.Debug|Any CPU.Build.0 = Debug|Any CPU
		{20697E10-DC52-4A69-A859-27CBE4B2F1B5}.Debug|x64.ActiveCfg = Debug|Any CPU
		{20697E10-DC52-4A69-A859-27CBE4B2F1B5}.Debug|x64.Build.0 = Debug|Any CPU
		{20697E10-DC52-4A69-A859-27CBE4B2F1B5}.Debug|x86.ActiveCfg = Debug|Any CPU
		{20697E10-DC52-4A69-A859-27CBE4B2F1B5}.Debug|x86.Build.0 = Debug|Any CPU
		{20697E10-DC52-4A69-A859-27CBE4B2F1B5}.Release|Any CPU.ActiveCfg = Release|Any CPU
		{20697E10-DC52-4A69-A859-27CBE4B2F1B5}.Release|Any CPU.Build.0 = Release|Any CPU
		{20697E10-DC52-4A69-A859-27CBE4B2F1B5}.Release|x64.ActiveCfg = Release|Any CPU
		{20697E10-DC52-4A69-A859-27CBE4B2F1B5}.Release|x64.Build.0 = Release|Any CPU
		{20697E10-DC52-4A69-A859-27CBE4B2F1B5}.Release|x86.ActiveCfg = Release|Any CPU
		{20697E10-DC52-4A69-A859-27CBE4B2F1B5}.Release|x86.Build.0 = Release|Any CPU
		{68FFEEA7-3E1B-48A2-BF05-05C8DA2CD8AC}.Debug|Any CPU.ActiveCfg = Debug|Any CPU
		{68FFEEA7-3E1B-48A2-BF05-05C8DA2CD8AC}.Debug|Any CPU.Build.0 = Debug|Any CPU
		{68FFEEA7-3E1B-48A2-BF05-05C8DA2CD8AC}.Debug|x64.ActiveCfg = Debug|Any CPU
		{68FFEEA7-3E1B-48A2-BF05-05C8DA2CD8AC}.Debug|x64.Build.0 = Debug|Any CPU
		{68FFEEA7-3E1B-48A2-BF05-05C8DA2CD8AC}.Debug|x86.ActiveCfg = Debug|Any CPU
		{68FFEEA7-3E1B-48A2-BF05-05C8DA2CD8AC}.Debug|x86.Build.0 = Debug|Any CPU
		{68FFEEA7-3E1B-48A2-BF05-05C8DA2CD8AC}.Release|Any CPU.ActiveCfg = Release|Any CPU
		{68FFEEA7-3E1B-48A2-BF05-05C8DA2CD8AC}.Release|Any CPU.Build.0 = Release|Any CPU
		{68FFEEA7-3E1B-48A2-BF05-05C8DA2CD8AC}.Release|x64.ActiveCfg = Release|Any CPU
		{68FFEEA7-3E1B-48A2-BF05-05C8DA2CD8AC}.Release|x64.Build.0 = Release|Any CPU
		{68FFEEA7-3E1B-48A2-BF05-05C8DA2CD8AC}.Release|x86.ActiveCfg = Release|Any CPU
		{68FFEEA7-3E1B-48A2-BF05-05C8DA2CD8AC}.Release|x86.Build.0 = Release|Any CPU
		{C4BE5F4C-8E5F-410E-B049-CB5DF940CDF7}.Debug|Any CPU.ActiveCfg = Debug|Any CPU
		{C4BE5F4C-8E5F-410E-B049-CB5DF940CDF7}.Debug|Any CPU.Build.0 = Debug|Any CPU
		{C4BE5F4C-8E5F-410E-B049-CB5DF940CDF7}.Debug|x64.ActiveCfg = Debug|Any CPU
		{C4BE5F4C-8E5F-410E-B049-CB5DF940CDF7}.Debug|x64.Build.0 = Debug|Any CPU
		{C4BE5F4C-8E5F-410E-B049-CB5DF940CDF7}.Debug|x86.ActiveCfg = Debug|Any CPU
		{C4BE5F4C-8E5F-410E-B049-CB5DF940CDF7}.Debug|x86.Build.0 = Debug|Any CPU
		{C4BE5F4C-8E5F-410E-B049-CB5DF940CDF7}.Release|Any CPU.ActiveCfg = Release|Any CPU
		{C4BE5F4C-8E5F-410E-B049-CB5DF940CDF7}.Release|Any CPU.Build.0 = Release|Any CPU
		{C4BE5F4C-8E5F-410E-B049-CB5DF940CDF7}.Release|x64.ActiveCfg = Release|Any CPU
		{C4BE5F4C-8E5F-410E-B049-CB5DF940CDF7}.Release|x64.Build.0 = Release|Any CPU
		{C4BE5F4C-8E5F-410E-B049-CB5DF940CDF7}.Release|x86.ActiveCfg = Release|Any CPU
		{C4BE5F4C-8E5F-410E-B049-CB5DF940CDF7}.Release|x86.Build.0 = Release|Any CPU
		{1938955D-4965-48C5-A444-0090931CC1E7}.Debug|Any CPU.ActiveCfg = Debug|Any CPU
		{1938955D-4965-48C5-A444-0090931CC1E7}.Debug|Any CPU.Build.0 = Debug|Any CPU
		{1938955D-4965-48C5-A444-0090931CC1E7}.Debug|x64.ActiveCfg = Debug|Any CPU
		{1938955D-4965-48C5-A444-0090931CC1E7}.Debug|x64.Build.0 = Debug|Any CPU
		{1938955D-4965-48C5-A444-0090931CC1E7}.Debug|x86.ActiveCfg = Debug|Any CPU
		{1938955D-4965-48C5-A444-0090931CC1E7}.Debug|x86.Build.0 = Debug|Any CPU
		{1938955D-4965-48C5-A444-0090931CC1E7}.Release|Any CPU.ActiveCfg = Release|Any CPU
		{1938955D-4965-48C5-A444-0090931CC1E7}.Release|Any CPU.Build.0 = Release|Any CPU
		{1938955D-4965-48C5-A444-0090931CC1E7}.Release|x64.ActiveCfg = Release|Any CPU
		{1938955D-4965-48C5-A444-0090931CC1E7}.Release|x64.Build.0 = Release|Any CPU
		{1938955D-4965-48C5-A444-0090931CC1E7}.Release|x86.ActiveCfg = Release|Any CPU
		{1938955D-4965-48C5-A444-0090931CC1E7}.Release|x86.Build.0 = Release|Any CPU
		{9E024BE7-724B-40BF-B5E2-04C8E8CFD835}.Debug|Any CPU.ActiveCfg = Debug|Any CPU
		{9E024BE7-724B-40BF-B5E2-04C8E8CFD835}.Debug|Any CPU.Build.0 = Debug|Any CPU
		{9E024BE7-724B-40BF-B5E2-04C8E8CFD835}.Debug|x64.ActiveCfg = Debug|Any CPU
		{9E024BE7-724B-40BF-B5E2-04C8E8CFD835}.Debug|x64.Build.0 = Debug|Any CPU
		{9E024BE7-724B-40BF-B5E2-04C8E8CFD835}.Debug|x86.ActiveCfg = Debug|Any CPU
		{9E024BE7-724B-40BF-B5E2-04C8E8CFD835}.Debug|x86.Build.0 = Debug|Any CPU
		{9E024BE7-724B-40BF-B5E2-04C8E8CFD835}.Release|Any CPU.ActiveCfg = Release|Any CPU
		{9E024BE7-724B-40BF-B5E2-04C8E8CFD835}.Release|Any CPU.Build.0 = Release|Any CPU
		{9E024BE7-724B-40BF-B5E2-04C8E8CFD835}.Release|x64.ActiveCfg = Release|Any CPU
		{9E024BE7-724B-40BF-B5E2-04C8E8CFD835}.Release|x64.Build.0 = Release|Any CPU
		{9E024BE7-724B-40BF-B5E2-04C8E8CFD835}.Release|x86.ActiveCfg = Release|Any CPU
		{9E024BE7-724B-40BF-B5E2-04C8E8CFD835}.Release|x86.Build.0 = Release|Any CPU
		{45D7C8FA-E806-456F-B187-574625D24E2B}.Debug|Any CPU.ActiveCfg = Debug|Any CPU
		{45D7C8FA-E806-456F-B187-574625D24E2B}.Debug|Any CPU.Build.0 = Debug|Any CPU
		{45D7C8FA-E806-456F-B187-574625D24E2B}.Debug|x64.ActiveCfg = Debug|Any CPU
		{45D7C8FA-E806-456F-B187-574625D24E2B}.Debug|x64.Build.0 = Debug|Any CPU
		{45D7C8FA-E806-456F-B187-574625D24E2B}.Debug|x86.ActiveCfg = Debug|Any CPU
		{45D7C8FA-E806-456F-B187-574625D24E2B}.Debug|x86.Build.0 = Debug|Any CPU
		{45D7C8FA-E806-456F-B187-574625D24E2B}.Release|Any CPU.ActiveCfg = Release|Any CPU
		{45D7C8FA-E806-456F-B187-574625D24E2B}.Release|Any CPU.Build.0 = Release|Any CPU
		{45D7C8FA-E806-456F-B187-574625D24E2B}.Release|x64.ActiveCfg = Release|Any CPU
		{45D7C8FA-E806-456F-B187-574625D24E2B}.Release|x64.Build.0 = Release|Any CPU
		{45D7C8FA-E806-456F-B187-574625D24E2B}.Release|x86.ActiveCfg = Release|Any CPU
		{45D7C8FA-E806-456F-B187-574625D24E2B}.Release|x86.Build.0 = Release|Any CPU
		{16426394-3B97-46B9-884E-593F86463B18}.Debug|Any CPU.ActiveCfg = Debug|Any CPU
		{16426394-3B97-46B9-884E-593F86463B18}.Debug|Any CPU.Build.0 = Debug|Any CPU
		{16426394-3B97-46B9-884E-593F86463B18}.Debug|x64.ActiveCfg = Debug|Any CPU
		{16426394-3B97-46B9-884E-593F86463B18}.Debug|x64.Build.0 = Debug|Any CPU
		{16426394-3B97-46B9-884E-593F86463B18}.Debug|x86.ActiveCfg = Debug|Any CPU
		{16426394-3B97-46B9-884E-593F86463B18}.Debug|x86.Build.0 = Debug|Any CPU
		{16426394-3B97-46B9-884E-593F86463B18}.Release|Any CPU.ActiveCfg = Release|Any CPU
		{16426394-3B97-46B9-884E-593F86463B18}.Release|Any CPU.Build.0 = Release|Any CPU
		{16426394-3B97-46B9-884E-593F86463B18}.Release|x64.ActiveCfg = Release|Any CPU
		{16426394-3B97-46B9-884E-593F86463B18}.Release|x64.Build.0 = Release|Any CPU
		{16426394-3B97-46B9-884E-593F86463B18}.Release|x86.ActiveCfg = Release|Any CPU
		{16426394-3B97-46B9-884E-593F86463B18}.Release|x86.Build.0 = Release|Any CPU
		{6E1455E4-F8A6-420B-BDCE-A12DF255BABA}.Debug|Any CPU.ActiveCfg = Debug|Any CPU
		{6E1455E4-F8A6-420B-BDCE-A12DF255BABA}.Debug|Any CPU.Build.0 = Debug|Any CPU
		{6E1455E4-F8A6-420B-BDCE-A12DF255BABA}.Debug|x64.ActiveCfg = Debug|Any CPU
		{6E1455E4-F8A6-420B-BDCE-A12DF255BABA}.Debug|x64.Build.0 = Debug|Any CPU
		{6E1455E4-F8A6-420B-BDCE-A12DF255BABA}.Debug|x86.ActiveCfg = Debug|Any CPU
		{6E1455E4-F8A6-420B-BDCE-A12DF255BABA}.Debug|x86.Build.0 = Debug|Any CPU
		{6E1455E4-F8A6-420B-BDCE-A12DF255BABA}.Release|Any CPU.ActiveCfg = Release|Any CPU
		{6E1455E4-F8A6-420B-BDCE-A12DF255BABA}.Release|Any CPU.Build.0 = Release|Any CPU
		{6E1455E4-F8A6-420B-BDCE-A12DF255BABA}.Release|x64.ActiveCfg = Release|Any CPU
		{6E1455E4-F8A6-420B-BDCE-A12DF255BABA}.Release|x64.Build.0 = Release|Any CPU
		{6E1455E4-F8A6-420B-BDCE-A12DF255BABA}.Release|x86.ActiveCfg = Release|Any CPU
		{6E1455E4-F8A6-420B-BDCE-A12DF255BABA}.Release|x86.Build.0 = Release|Any CPU
		{2EF3D607-DC58-427B-994D-D0A02C84C784}.Debug|Any CPU.ActiveCfg = Debug|Any CPU
		{2EF3D607-DC58-427B-994D-D0A02C84C784}.Debug|Any CPU.Build.0 = Debug|Any CPU
		{2EF3D607-DC58-427B-994D-D0A02C84C784}.Debug|x64.ActiveCfg = Debug|Any CPU
		{2EF3D607-DC58-427B-994D-D0A02C84C784}.Debug|x64.Build.0 = Debug|Any CPU
		{2EF3D607-DC58-427B-994D-D0A02C84C784}.Debug|x86.ActiveCfg = Debug|Any CPU
		{2EF3D607-DC58-427B-994D-D0A02C84C784}.Debug|x86.Build.0 = Debug|Any CPU
		{2EF3D607-DC58-427B-994D-D0A02C84C784}.Release|Any CPU.ActiveCfg = Release|Any CPU
		{2EF3D607-DC58-427B-994D-D0A02C84C784}.Release|Any CPU.Build.0 = Release|Any CPU
		{2EF3D607-DC58-427B-994D-D0A02C84C784}.Release|x64.ActiveCfg = Release|Any CPU
		{2EF3D607-DC58-427B-994D-D0A02C84C784}.Release|x64.Build.0 = Release|Any CPU
		{2EF3D607-DC58-427B-994D-D0A02C84C784}.Release|x86.ActiveCfg = Release|Any CPU
		{2EF3D607-DC58-427B-994D-D0A02C84C784}.Release|x86.Build.0 = Release|Any CPU
		{26E64922-D123-411D-9188-501B5BEBB503}.Debug|Any CPU.ActiveCfg = Debug|Any CPU
		{26E64922-D123-411D-9188-501B5BEBB503}.Debug|Any CPU.Build.0 = Debug|Any CPU
		{26E64922-D123-411D-9188-501B5BEBB503}.Debug|x64.ActiveCfg = Debug|Any CPU
		{26E64922-D123-411D-9188-501B5BEBB503}.Debug|x64.Build.0 = Debug|Any CPU
		{26E64922-D123-411D-9188-501B5BEBB503}.Debug|x86.ActiveCfg = Debug|Any CPU
		{26E64922-D123-411D-9188-501B5BEBB503}.Debug|x86.Build.0 = Debug|Any CPU
		{26E64922-D123-411D-9188-501B5BEBB503}.Release|Any CPU.ActiveCfg = Release|Any CPU
		{26E64922-D123-411D-9188-501B5BEBB503}.Release|Any CPU.Build.0 = Release|Any CPU
		{26E64922-D123-411D-9188-501B5BEBB503}.Release|x64.ActiveCfg = Release|Any CPU
		{26E64922-D123-411D-9188-501B5BEBB503}.Release|x64.Build.0 = Release|Any CPU
		{26E64922-D123-411D-9188-501B5BEBB503}.Release|x86.ActiveCfg = Release|Any CPU
		{26E64922-D123-411D-9188-501B5BEBB503}.Release|x86.Build.0 = Release|Any CPU
		{38191546-52ED-46AC-A101-3A1A3525013C}.Debug|Any CPU.ActiveCfg = Debug|Any CPU
		{38191546-52ED-46AC-A101-3A1A3525013C}.Debug|Any CPU.Build.0 = Debug|Any CPU
		{38191546-52ED-46AC-A101-3A1A3525013C}.Debug|x64.ActiveCfg = Debug|Any CPU
		{38191546-52ED-46AC-A101-3A1A3525013C}.Debug|x64.Build.0 = Debug|Any CPU
		{38191546-52ED-46AC-A101-3A1A3525013C}.Debug|x86.ActiveCfg = Debug|Any CPU
		{38191546-52ED-46AC-A101-3A1A3525013C}.Debug|x86.Build.0 = Debug|Any CPU
		{38191546-52ED-46AC-A101-3A1A3525013C}.Release|Any CPU.ActiveCfg = Release|Any CPU
		{38191546-52ED-46AC-A101-3A1A3525013C}.Release|Any CPU.Build.0 = Release|Any CPU
		{38191546-52ED-46AC-A101-3A1A3525013C}.Release|x64.ActiveCfg = Release|Any CPU
		{38191546-52ED-46AC-A101-3A1A3525013C}.Release|x64.Build.0 = Release|Any CPU
		{38191546-52ED-46AC-A101-3A1A3525013C}.Release|x86.ActiveCfg = Release|Any CPU
		{38191546-52ED-46AC-A101-3A1A3525013C}.Release|x86.Build.0 = Release|Any CPU
		{79F2C1A0-6ED1-4437-AE45-D461DEA75521}.Debug|Any CPU.ActiveCfg = Debug|Any CPU
		{79F2C1A0-6ED1-4437-AE45-D461DEA75521}.Debug|Any CPU.Build.0 = Debug|Any CPU
		{79F2C1A0-6ED1-4437-AE45-D461DEA75521}.Debug|x64.ActiveCfg = Debug|Any CPU
		{79F2C1A0-6ED1-4437-AE45-D461DEA75521}.Debug|x64.Build.0 = Debug|Any CPU
		{79F2C1A0-6ED1-4437-AE45-D461DEA75521}.Debug|x86.ActiveCfg = Debug|Any CPU
		{79F2C1A0-6ED1-4437-AE45-D461DEA75521}.Debug|x86.Build.0 = Debug|Any CPU
		{79F2C1A0-6ED1-4437-AE45-D461DEA75521}.Release|Any CPU.ActiveCfg = Release|Any CPU
		{79F2C1A0-6ED1-4437-AE45-D461DEA75521}.Release|Any CPU.Build.0 = Release|Any CPU
		{79F2C1A0-6ED1-4437-AE45-D461DEA75521}.Release|x64.ActiveCfg = Release|Any CPU
		{79F2C1A0-6ED1-4437-AE45-D461DEA75521}.Release|x64.Build.0 = Release|Any CPU
		{79F2C1A0-6ED1-4437-AE45-D461DEA75521}.Release|x86.ActiveCfg = Release|Any CPU
		{79F2C1A0-6ED1-4437-AE45-D461DEA75521}.Release|x86.Build.0 = Release|Any CPU
		{23DFD4DB-D20C-45DA-A32D-9C3E3B17F899}.Debug|Any CPU.ActiveCfg = Debug|Any CPU
		{23DFD4DB-D20C-45DA-A32D-9C3E3B17F899}.Debug|Any CPU.Build.0 = Debug|Any CPU
		{23DFD4DB-D20C-45DA-A32D-9C3E3B17F899}.Debug|x64.ActiveCfg = Debug|Any CPU
		{23DFD4DB-D20C-45DA-A32D-9C3E3B17F899}.Debug|x64.Build.0 = Debug|Any CPU
		{23DFD4DB-D20C-45DA-A32D-9C3E3B17F899}.Debug|x86.ActiveCfg = Debug|Any CPU
		{23DFD4DB-D20C-45DA-A32D-9C3E3B17F899}.Debug|x86.Build.0 = Debug|Any CPU
		{23DFD4DB-D20C-45DA-A32D-9C3E3B17F899}.Release|Any CPU.ActiveCfg = Release|Any CPU
		{23DFD4DB-D20C-45DA-A32D-9C3E3B17F899}.Release|Any CPU.Build.0 = Release|Any CPU
		{23DFD4DB-D20C-45DA-A32D-9C3E3B17F899}.Release|x64.ActiveCfg = Release|Any CPU
		{23DFD4DB-D20C-45DA-A32D-9C3E3B17F899}.Release|x64.Build.0 = Release|Any CPU
		{23DFD4DB-D20C-45DA-A32D-9C3E3B17F899}.Release|x86.ActiveCfg = Release|Any CPU
		{23DFD4DB-D20C-45DA-A32D-9C3E3B17F899}.Release|x86.Build.0 = Release|Any CPU
		{FE0ED4D0-1426-4501-A689-04B25719F88B}.Debug|Any CPU.ActiveCfg = Debug|Any CPU
		{FE0ED4D0-1426-4501-A689-04B25719F88B}.Debug|Any CPU.Build.0 = Debug|Any CPU
		{FE0ED4D0-1426-4501-A689-04B25719F88B}.Debug|x64.ActiveCfg = Debug|Any CPU
		{FE0ED4D0-1426-4501-A689-04B25719F88B}.Debug|x64.Build.0 = Debug|Any CPU
		{FE0ED4D0-1426-4501-A689-04B25719F88B}.Debug|x86.ActiveCfg = Debug|Any CPU
		{FE0ED4D0-1426-4501-A689-04B25719F88B}.Debug|x86.Build.0 = Debug|Any CPU
		{FE0ED4D0-1426-4501-A689-04B25719F88B}.Release|Any CPU.ActiveCfg = Release|Any CPU
		{FE0ED4D0-1426-4501-A689-04B25719F88B}.Release|Any CPU.Build.0 = Release|Any CPU
		{FE0ED4D0-1426-4501-A689-04B25719F88B}.Release|x64.ActiveCfg = Release|Any CPU
		{FE0ED4D0-1426-4501-A689-04B25719F88B}.Release|x64.Build.0 = Release|Any CPU
		{FE0ED4D0-1426-4501-A689-04B25719F88B}.Release|x86.ActiveCfg = Release|Any CPU
		{FE0ED4D0-1426-4501-A689-04B25719F88B}.Release|x86.Build.0 = Release|Any CPU
		{26CFAC44-B355-4837-8FA5-73452E25B147}.Debug|Any CPU.ActiveCfg = Debug|Any CPU
		{26CFAC44-B355-4837-8FA5-73452E25B147}.Debug|Any CPU.Build.0 = Debug|Any CPU
		{26CFAC44-B355-4837-8FA5-73452E25B147}.Debug|x64.ActiveCfg = Debug|Any CPU
		{26CFAC44-B355-4837-8FA5-73452E25B147}.Debug|x64.Build.0 = Debug|Any CPU
		{26CFAC44-B355-4837-8FA5-73452E25B147}.Debug|x86.ActiveCfg = Debug|Any CPU
		{26CFAC44-B355-4837-8FA5-73452E25B147}.Debug|x86.Build.0 = Debug|Any CPU
		{26CFAC44-B355-4837-8FA5-73452E25B147}.Release|Any CPU.ActiveCfg = Release|Any CPU
		{26CFAC44-B355-4837-8FA5-73452E25B147}.Release|Any CPU.Build.0 = Release|Any CPU
		{26CFAC44-B355-4837-8FA5-73452E25B147}.Release|x64.ActiveCfg = Release|Any CPU
		{26CFAC44-B355-4837-8FA5-73452E25B147}.Release|x64.Build.0 = Release|Any CPU
		{26CFAC44-B355-4837-8FA5-73452E25B147}.Release|x86.ActiveCfg = Release|Any CPU
		{26CFAC44-B355-4837-8FA5-73452E25B147}.Release|x86.Build.0 = Release|Any CPU
		{237FA858-DBDC-43D9-8897-2DD5ABE4C31C}.Debug|Any CPU.ActiveCfg = Debug|Any CPU
		{237FA858-DBDC-43D9-8897-2DD5ABE4C31C}.Debug|Any CPU.Build.0 = Debug|Any CPU
		{237FA858-DBDC-43D9-8897-2DD5ABE4C31C}.Debug|x64.ActiveCfg = Debug|Any CPU
		{237FA858-DBDC-43D9-8897-2DD5ABE4C31C}.Debug|x64.Build.0 = Debug|Any CPU
		{237FA858-DBDC-43D9-8897-2DD5ABE4C31C}.Debug|x86.ActiveCfg = Debug|Any CPU
		{237FA858-DBDC-43D9-8897-2DD5ABE4C31C}.Debug|x86.Build.0 = Debug|Any CPU
		{237FA858-DBDC-43D9-8897-2DD5ABE4C31C}.Release|Any CPU.ActiveCfg = Release|Any CPU
		{237FA858-DBDC-43D9-8897-2DD5ABE4C31C}.Release|Any CPU.Build.0 = Release|Any CPU
		{237FA858-DBDC-43D9-8897-2DD5ABE4C31C}.Release|x64.ActiveCfg = Release|Any CPU
		{237FA858-DBDC-43D9-8897-2DD5ABE4C31C}.Release|x64.Build.0 = Release|Any CPU
		{237FA858-DBDC-43D9-8897-2DD5ABE4C31C}.Release|x86.ActiveCfg = Release|Any CPU
		{237FA858-DBDC-43D9-8897-2DD5ABE4C31C}.Release|x86.Build.0 = Release|Any CPU
	EndGlobalSection
	GlobalSection(SolutionProperties) = preSolution
		HideSolutionNode = FALSE
	EndGlobalSection
	GlobalSection(NestedProjects) = preSolution
		{0CBA486D-8ADD-1D7F-F8E2-6CF105AD0BE2} = {30058A4A-2377-4856-4EFF-8268239A08B0}
		{5A5A280F-A68D-42DC-998C-45D2F063D5D4} = {0CBA486D-8ADD-1D7F-F8E2-6CF105AD0BE2}
		{C794D79D-142E-4BA8-8377-4D95321BEDBC} = {0CBA486D-8ADD-1D7F-F8E2-6CF105AD0BE2}
		{E96B09A2-DE3F-4C21-8B58-E77D75868A2C} = {0CBA486D-8ADD-1D7F-F8E2-6CF105AD0BE2}
		{1BB66855-5DAE-4F1B-B62E-BA62EB9EFA5A} = {0CBA486D-8ADD-1D7F-F8E2-6CF105AD0BE2}
		{8F0386BE-35E3-6926-30B5-B4E5C457B50D} = {B4CA696D-1B8C-AA3D-BB4F-77D4C32AAB34}
		{6EB1957A-03FA-42D8-9160-5FA506F777E6} = {8F0386BE-35E3-6926-30B5-B4E5C457B50D}
		{8A4C9F97-8670-4C7C-9E79-7A79462BA4E3} = {8F0386BE-35E3-6926-30B5-B4E5C457B50D}
		{C236A8E3-1ABF-4339-B61C-3B4D054BF8F8} = {8F0386BE-35E3-6926-30B5-B4E5C457B50D}
		{5A9BEA85-14E3-4C10-B535-01DB2A4B5631} = {8F0386BE-35E3-6926-30B5-B4E5C457B50D}
		{40CCC364-4878-4F47-8FBE-B42B7B0F132C} = {8F0386BE-35E3-6926-30B5-B4E5C457B50D}
		{D817E5CE-B44F-4421-915F-D7B4DF4D6305} = {0468B34B-F03C-4707-AF5B-373E57D28DCA}
		{59A523CB-BA6F-43B5-8CBE-6FBCAE5E4D8C} = {D817E5CE-B44F-4421-915F-D7B4DF4D6305}
		{DCB4F85C-90FC-4223-AB12-C8B0B9002BED} = {D817E5CE-B44F-4421-915F-D7B4DF4D6305}
		{DDE9C91C-4295-4EF2-B959-17F8930BFEE2} = {D817E5CE-B44F-4421-915F-D7B4DF4D6305}
		{BC8C4E1E-9483-4B67-9447-530678D46B36} = {D817E5CE-B44F-4421-915F-D7B4DF4D6305}
		{BA19AEEA-963F-46E1-B651-5BBA07FF5187} = {D817E5CE-B44F-4421-915F-D7B4DF4D6305}
		{AAB993E4-57A7-4109-A65C-E413D6600BBF} = {D817E5CE-B44F-4421-915F-D7B4DF4D6305}
		{3F988BCB-F983-42AE-9E25-F5A57F2DF691} = {EE867BCC-DE1F-4850-9E82-96CE201D563F}
		{6EB0BE44-BEF0-4E38-BE2E-3C0AA816D369} = {3F988BCB-F983-42AE-9E25-F5A57F2DF691}
		{27053CC5-C9EA-46EF-8D92-8835E35D0ADF} = {3F988BCB-F983-42AE-9E25-F5A57F2DF691}
		{0ED59623-5B3B-4054-825D-E4F5AAF8C413} = {3F988BCB-F983-42AE-9E25-F5A57F2DF691}
		{6811B5F8-88D1-42D8-8459-05AE136D2F58} = {3F988BCB-F983-42AE-9E25-F5A57F2DF691}
		{1C9213F5-A760-4C62-B0F0-F6DAABC86693} = {3F988BCB-F983-42AE-9E25-F5A57F2DF691}
		{FB3688CB-4596-485A-96B3-1956E801ED15} = {3F988BCB-F983-42AE-9E25-F5A57F2DF691}
		{546204D2-7CB1-4677-A2D4-93A90D36A947} = {EE867BCC-DE1F-4850-9E82-96CE201D563F}
		{DB2FC3B5-DF7A-4F50-8DE8-FF483DBC41F5} = {546204D2-7CB1-4677-A2D4-93A90D36A947}
		{7137FF5D-B652-447C-A1C9-C401A1A9365C} = {3F988BCB-F983-42AE-9E25-F5A57F2DF691}
		{F924526A-B6A5-49C8-9CF8-185B259A6194} = {0A09EA70-D1B1-4A76-8A6A-76933DA19613}
		{F1384BD6-D5B8-471A-BDA2-E4C16FFD3AD3} = {0A09EA70-D1B1-4A76-8A6A-76933DA19613}
		{CFCD24A7-DBDA-4FDC-B4A4-F6F82EB31877} = {F924526A-B6A5-49C8-9CF8-185B259A6194}
		{1AD2CAD8-2C06-4AD5-A482-7DDFA5BD00A3} = {F924526A-B6A5-49C8-9CF8-185B259A6194}
		{11C1E555-F93A-45BC-B7A0-E86DC3120243} = {F924526A-B6A5-49C8-9CF8-185B259A6194}
		{0BB5C2FD-1B6D-4B6D-954D-9AC78B3B6058} = {F924526A-B6A5-49C8-9CF8-185B259A6194}
		{38567DF7-5614-449C-8EEA-C4E53908D0E6} = {F924526A-B6A5-49C8-9CF8-185B259A6194}
		{AC3D00EB-9ED9-437A-9C5D-8AF7CB1E6E9B} = {F924526A-B6A5-49C8-9CF8-185B259A6194}
		{47B8DA9D-1A3F-474B-A65B-67EBAFA3D099} = {F924526A-B6A5-49C8-9CF8-185B259A6194}
		{B34F8FA3-D615-4933-9702-A7F40D9CF51E} = {F1384BD6-D5B8-471A-BDA2-E4C16FFD3AD3}
		{DD545037-7317-4C45-BB47-8569B89D735D} = {0A09EA70-D1B1-4A76-8A6A-76933DA19613}
		{514A1C56-376D-46AE-8BC9-DFF40F577379} = {DD545037-7317-4C45-BB47-8569B89D735D}
		{77706580-D228-453B-B318-8021CDA9A75F} = {831FA0CC-8D97-4F26-9CF7-CB6F68B33600}
		{B965CB90-1DED-4701-AF19-EC84DC8F4E89} = {831FA0CC-8D97-4F26-9CF7-CB6F68B33600}
		{1E422CCE-797D-4D08-9332-92B72EEC787A} = {831FA0CC-8D97-4F26-9CF7-CB6F68B33600}
		{97AF795A-72D4-4509-8C30-AA8B77612DF6} = {77706580-D228-453B-B318-8021CDA9A75F}
		{50CA218F-02D8-45FC-A80E-B7480D2F3CDA} = {B965CB90-1DED-4701-AF19-EC84DC8F4E89}
		{48D7BC0A-7596-4675-9AF7-0F0321763D35} = {B965CB90-1DED-4701-AF19-EC84DC8F4E89}
		{20697E10-DC52-4A69-A859-27CBE4B2F1B5} = {B965CB90-1DED-4701-AF19-EC84DC8F4E89}
		{68FFEEA7-3E1B-48A2-BF05-05C8DA2CD8AC} = {B965CB90-1DED-4701-AF19-EC84DC8F4E89}
		{C4BE5F4C-8E5F-410E-B049-CB5DF940CDF7} = {B965CB90-1DED-4701-AF19-EC84DC8F4E89}
		{1938955D-4965-48C5-A444-0090931CC1E7} = {B965CB90-1DED-4701-AF19-EC84DC8F4E89}
		{9E024BE7-724B-40BF-B5E2-04C8E8CFD835} = {B965CB90-1DED-4701-AF19-EC84DC8F4E89}
		{45D7C8FA-E806-456F-B187-574625D24E2B} = {1E422CCE-797D-4D08-9332-92B72EEC787A}
		{82762C19-39B4-453A-BFE0-F72E049BDAF2} = {33A09A29-3F77-4238-98B6-75D306D46209}
		{12023AA7-6C27-4BDD-89E3-6814AB5CB521} = {33A09A29-3F77-4238-98B6-75D306D46209}
		{B48051BB-D3C5-4C26-8AE1-84D741163C76} = {33A09A29-3F77-4238-98B6-75D306D46209}
		{16426394-3B97-46B9-884E-593F86463B18} = {B48051BB-D3C5-4C26-8AE1-84D741163C76}
		{6E1455E4-F8A6-420B-BDCE-A12DF255BABA} = {82762C19-39B4-453A-BFE0-F72E049BDAF2}
		{2EF3D607-DC58-427B-994D-D0A02C84C784} = {82762C19-39B4-453A-BFE0-F72E049BDAF2}
		{26E64922-D123-411D-9188-501B5BEBB503} = {82762C19-39B4-453A-BFE0-F72E049BDAF2}
		{38191546-52ED-46AC-A101-3A1A3525013C} = {82762C19-39B4-453A-BFE0-F72E049BDAF2}
		{79F2C1A0-6ED1-4437-AE45-D461DEA75521} = {82762C19-39B4-453A-BFE0-F72E049BDAF2}
		{23DFD4DB-D20C-45DA-A32D-9C3E3B17F899} = {82762C19-39B4-453A-BFE0-F72E049BDAF2}
		{FE0ED4D0-1426-4501-A689-04B25719F88B} = {82762C19-39B4-453A-BFE0-F72E049BDAF2}
		{26CFAC44-B355-4837-8FA5-73452E25B147} = {12023AA7-6C27-4BDD-89E3-6814AB5CB521}
		{237FA858-DBDC-43D9-8897-2DD5ABE4C31C} = {82762C19-39B4-453A-BFE0-F72E049BDAF2}
	EndGlobalSection
EndGlobal
