
Microsoft Visual Studio Solution File, Format Version 12.00
Project("{2150E333-8FDC-42A3-9474-1A3956D46DE8}") = "Assignment1", "Assignment1", "{30058A4A-2377-4856-4EFF-8268239A08B0}"
EndProject
Project("{2150E333-8FDC-42A3-9474-1A3956D46DE8}") = "Server", "Server", "{0CBA486D-8ADD-1D7F-F8E2-6CF105AD0BE2}"
EndProject
Project("{FAE04EC0-301F-11D3-BF4B-00C04F79EFBC}") = "Demo", "Assignment1\Server\Demo\Demo.csproj", "{5A5A280F-A68D-42DC-998C-45D2F063D5D4}"
EndProject
Project("{FAE04EC0-301F-11D3-BF4B-00C04F79EFBC}") = "Entities", "Assignment1\Server\Entities\Entities.csproj", "{C794D79D-142E-4BA8-8377-4D95321BEDBC}"
EndProject
Project("{FAE04EC0-301F-11D3-BF4B-00C04F79EFBC}") = "RepositoryContracts", "Assignment1\Server\RepositoryContracts\RepositoryContracts.csproj", "{E96B09A2-DE3F-4C21-8B58-E77D75868A2C}"
EndProject
Project("{FAE04EC0-301F-11D3-BF4B-00C04F79EFBC}") = "InMemoryRepositories", "Assignment1\Server\InMemoryRepositories\InMemoryRepositories.csproj", "{1BB66855-5DAE-4F1B-B62E-BA62EB9EFA5A}"
EndProject
Project("{2150E333-8FDC-42A3-9474-1A3956D46DE8}") = "Assignment2", "Assignment2", "{B4CA696D-1B8C-AA3D-BB4F-77D4C32AAB34}"
EndProject
Project("{2150E333-8FDC-42A3-9474-1A3956D46DE8}") = "Server", "Server", "{8F0386BE-35E3-6926-30B5-B4E5C457B50D}"
EndProject
Project("{FAE04EC0-301F-11D3-BF4B-00C04F79EFBC}") = "CLI", "Assignment2\Server\CLI\CLI.csproj", "{6EB1957A-03FA-42D8-9160-5FA506F777E6}"
EndProject
Project("{FAE04EC0-301F-11D3-BF4B-00C04F79EFBC}") = "Demo", "Assignment2\Server\Demo\Demo.csproj", "{8A4C9F97-8670-4C7C-9E79-7A79462BA4E3}"
EndProject
Project("{FAE04EC0-301F-11D3-BF4B-00C04F79EFBC}") = "Entities", "Assignment2\Server\Entities\Entities.csproj", "{C236A8E3-1ABF-4339-B61C-3B4D054BF8F8}"
EndProject
Project("{FAE04EC0-301F-11D3-BF4B-00C04F79EFBC}") = "RepositoryContracts", "Assignment2\Server\RepositoryContracts\RepositoryContracts.csproj", "{5A9BEA85-14E3-4C10-B535-01DB2A4B5631}"
EndProject
Project("{FAE04EC0-301F-11D3-BF4B-00C04F79EFBC}") = "InMemoryRepositories", "Assignment2\Server\InMemoryRepositories\InMemoryRepositories.csproj", "{40CCC364-4878-4F47-8FBE-B42B7B0F132C}"
EndProject
Project("{2150E333-8FDC-42A3-9474-1A3956D46DE8}") = "Assignment3", "Assignment3", "{0468B34B-F03C-4707-AF5B-373E57D28DCA}"
EndProject
Project("{2150E333-8FDC-42A3-9474-1A3956D46DE8}") = "Server", "Server", "{D817E5CE-B44F-4421-915F-D7B4DF4D6305}"
EndProject
Project("{FAE04EC0-301F-11D3-BF4B-00C04F79EFBC}") = "CLI", "Assignment3\Server\CLI\CLI.csproj", "{59A523CB-BA6F-43B5-8CBE-6FBCAE5E4D8C}"
EndProject
Project("{FAE04EC0-301F-11D3-BF4B-00C04F79EFBC}") = "Demo", "Assignment3\Server\Demo\Demo.csproj", "{DCB4F85C-90FC-4223-AB12-C8B0B9002BED}"
EndProject
Project("{FAE04EC0-301F-11D3-BF4B-00C04F79EFBC}") = "Entities", "Assignment3\Server\Entities\Entities.csproj", "{DDE9C91C-4295-4EF2-B959-17F8930BFEE2}"
EndProject
Project("{FAE04EC0-301F-11D3-BF4B-00C04F79EFBC}") = "InMemoryRepositories", "Assignment3\Server\InMemoryRepositories\InMemoryRepositories.csproj", "{BC8C4E1E-9483-4B67-9447-530678D46B36}"
EndProject
Project("{FAE04EC0-301F-11D3-BF4B-00C04F79EFBC}") = "RepositoryContracts", "Assignment3\Server\RepositoryContracts\RepositoryContracts.csproj", "{BA19AEEA-963F-46E1-B651-5BBA07FF5187}"
EndProject
Project("{FAE04EC0-301F-11D3-BF4B-00C04F79EFBC}") = "FileRepositories", "Assignment3\Server\FileRepositories\FileRepositories.csproj", "{AAB993E4-57A7-4109-A65C-E413D6600BBF}"
EndProject
Global
	GlobalSection(SolutionConfigurationPlatforms) = preSolution
		Debug|Any CPU = Debug|Any CPU
		Debug|x64 = Debug|x64
		Debug|x86 = Debug|x86
		Release|Any CPU = Release|Any CPU
		Release|x64 = Release|x64
		Release|x86 = Release|x86
	EndGlobalSection
	GlobalSection(ProjectConfigurationPlatforms) = postSolution
		{5A5A280F-A68D-42DC-998C-45D2F063D5D4}.Debug|Any CPU.ActiveCfg = Debug|Any CPU
		{5A5A280F-A68D-42DC-998C-45D2F063D5D4}.Debug|Any CPU.Build.0 = Debug|Any CPU
		{5A5A280F-A68D-42DC-998C-45D2F063D5D4}.Debug|x64.ActiveCfg = Debug|Any CPU
		{5A5A280F-A68D-42DC-998C-45D2F063D5D4}.Debug|x64.Build.0 = Debug|Any CPU
		{5A5A280F-A68D-42DC-998C-45D2F063D5D4}.Debug|x86.ActiveCfg = Debug|Any CPU
		{5A5A280F-A68D-42DC-998C-45D2F063D5D4}.Debug|x86.Build.0 = Debug|Any CPU
		{5A5A280F-A68D-42DC-998C-45D2F063D5D4}.Release|Any CPU.ActiveCfg = Release|Any CPU
		{5A5A280F-A68D-42DC-998C-45D2F063D5D4}.Release|Any CPU.Build.0 = Release|Any CPU
		{5A5A280F-A68D-42DC-998C-45D2F063D5D4}.Release|x64.ActiveCfg = Release|Any CPU
		{5A5A280F-A68D-42DC-998C-45D2F063D5D4}.Release|x64.Build.0 = Release|Any CPU
		{5A5A280F-A68D-42DC-998C-45D2F063D5D4}.Release|x86.ActiveCfg = Release|Any CPU
		{5A5A280F-A68D-42DC-998C-45D2F063D5D4}.Release|x86.Build.0 = Release|Any CPU
		{C794D79D-142E-4BA8-8377-4D95321BEDBC}.Debug|Any CPU.ActiveCfg = Debug|Any CPU
		{C794D79D-142E-4BA8-8377-4D95321BEDBC}.Debug|Any CPU.Build.0 = Debug|Any CPU
		{C794D79D-142E-4BA8-8377-4D95321BEDBC}.Debug|x64.ActiveCfg = Debug|Any CPU
		{C794D79D-142E-4BA8-8377-4D95321BEDBC}.Debug|x64.Build.0 = Debug|Any CPU
		{C794D79D-142E-4BA8-8377-4D95321BEDBC}.Debug|x86.ActiveCfg = Debug|Any CPU
		{C794D79D-142E-4BA8-8377-4D95321BEDBC}.Debug|x86.Build.0 = Debug|Any CPU
		{C794D79D-142E-4BA8-8377-4D95321BEDBC}.Release|Any CPU.ActiveCfg = Release|Any CPU
		{C794D79D-142E-4BA8-8377-4D95321BEDBC}.Release|Any CPU.Build.0 = Release|Any CPU
		{C794D79D-142E-4BA8-8377-4D95321BEDBC}.Release|x64.ActiveCfg = Release|Any CPU
		{C794D79D-142E-4BA8-8377-4D95321BEDBC}.Release|x64.Build.0 = Release|Any CPU
		{C794D79D-142E-4BA8-8377-4D95321BEDBC}.Release|x86.ActiveCfg = Release|Any CPU
		{C794D79D-142E-4BA8-8377-4D95321BEDBC}.Release|x86.Build.0 = Release|Any CPU
		{E96B09A2-DE3F-4C21-8B58-E77D75868A2C}.Debug|Any CPU.ActiveCfg = Debug|Any CPU
		{E96B09A2-DE3F-4C21-8B58-E77D75868A2C}.Debug|Any CPU.Build.0 = Debug|Any CPU
		{E96B09A2-DE3F-4C21-8B58-E77D75868A2C}.Debug|x64.ActiveCfg = Debug|Any CPU
		{E96B09A2-DE3F-4C21-8B58-E77D75868A2C}.Debug|x64.Build.0 = Debug|Any CPU
		{E96B09A2-DE3F-4C21-8B58-E77D75868A2C}.Debug|x86.ActiveCfg = Debug|Any CPU
		{E96B09A2-DE3F-4C21-8B58-E77D75868A2C}.Debug|x86.Build.0 = Debug|Any CPU
		{E96B09A2-DE3F-4C21-8B58-E77D75868A2C}.Release|Any CPU.ActiveCfg = Release|Any CPU
		{E96B09A2-DE3F-4C21-8B58-E77D75868A2C}.Release|Any CPU.Build.0 = Release|Any CPU
		{E96B09A2-DE3F-4C21-8B58-E77D75868A2C}.Release|x64.ActiveCfg = Release|Any CPU
		{E96B09A2-DE3F-4C21-8B58-E77D75868A2C}.Release|x64.Build.0 = Release|Any CPU
		{E96B09A2-DE3F-4C21-8B58-E77D75868A2C}.Release|x86.ActiveCfg = Release|Any CPU
		{E96B09A2-DE3F-4C21-8B58-E77D75868A2C}.Release|x86.Build.0 = Release|Any CPU
		{1BB66855-5DAE-4F1B-B62E-BA62EB9EFA5A}.Debug|Any CPU.ActiveCfg = Debug|Any CPU
		{1BB66855-5DAE-4F1B-B62E-BA62EB9EFA5A}.Debug|Any CPU.Build.0 = Debug|Any CPU
		{1BB66855-5DAE-4F1B-B62E-BA62EB9EFA5A}.Debug|x64.ActiveCfg = Debug|Any CPU
		{1BB66855-5DAE-4F1B-B62E-BA62EB9EFA5A}.Debug|x64.Build.0 = Debug|Any CPU
		{1BB66855-5DAE-4F1B-B62E-BA62EB9EFA5A}.Debug|x86.ActiveCfg = Debug|Any CPU
		{1BB66855-5DAE-4F1B-B62E-BA62EB9EFA5A}.Debug|x86.Build.0 = Debug|Any CPU
		{1BB66855-5DAE-4F1B-B62E-BA62EB9EFA5A}.Release|Any CPU.ActiveCfg = Release|Any CPU
		{1BB66855-5DAE-4F1B-B62E-BA62EB9EFA5A}.Release|Any CPU.Build.0 = Release|Any CPU
		{1BB66855-5DAE-4F1B-B62E-BA62EB9EFA5A}.Release|x64.ActiveCfg = Release|Any CPU
		{1BB66855-5DAE-4F1B-B62E-BA62EB9EFA5A}.Release|x64.Build.0 = Release|Any CPU
		{1BB66855-5DAE-4F1B-B62E-BA62EB9EFA5A}.Release|x86.ActiveCfg = Release|Any CPU
		{1BB66855-5DAE-4F1B-B62E-BA62EB9EFA5A}.Release|x86.Build.0 = Release|Any CPU
		{6EB1957A-03FA-42D8-9160-5FA506F777E6}.Debug|Any CPU.ActiveCfg = Debug|Any CPU
		{6EB1957A-03FA-42D8-9160-5FA506F777E6}.Debug|Any CPU.Build.0 = Debug|Any CPU
		{6EB1957A-03FA-42D8-9160-5FA506F777E6}.Debug|x64.ActiveCfg = Debug|Any CPU
		{6EB1957A-03FA-42D8-9160-5FA506F777E6}.Debug|x64.Build.0 = Debug|Any CPU
		{6EB1957A-03FA-42D8-9160-5FA506F777E6}.Debug|x86.ActiveCfg = Debug|Any CPU
		{6EB1957A-03FA-42D8-9160-5FA506F777E6}.Debug|x86.Build.0 = Debug|Any CPU
		{6EB1957A-03FA-42D8-9160-5FA506F777E6}.Release|Any CPU.ActiveCfg = Release|Any CPU
		{6EB1957A-03FA-42D8-9160-5FA506F777E6}.Release|Any CPU.Build.0 = Release|Any CPU
		{6EB1957A-03FA-42D8-9160-5FA506F777E6}.Release|x64.ActiveCfg = Release|Any CPU
		{6EB1957A-03FA-42D8-9160-5FA506F777E6}.Release|x64.Build.0 = Release|Any CPU
		{6EB1957A-03FA-42D8-9160-5FA506F777E6}.Release|x86.ActiveCfg = Release|Any CPU
		{6EB1957A-03FA-42D8-9160-5FA506F777E6}.Release|x86.Build.0 = Release|Any CPU
		{8A4C9F97-8670-4C7C-9E79-7A79462BA4E3}.Debug|Any CPU.ActiveCfg = Debug|Any CPU
		{8A4C9F97-8670-4C7C-9E79-7A79462BA4E3}.Debug|Any CPU.Build.0 = Debug|Any CPU
		{8A4C9F97-8670-4C7C-9E79-7A79462BA4E3}.Debug|x64.ActiveCfg = Debug|Any CPU
		{8A4C9F97-8670-4C7C-9E79-7A79462BA4E3}.Debug|x64.Build.0 = Debug|Any CPU
		{8A4C9F97-8670-4C7C-9E79-7A79462BA4E3}.Debug|x86.ActiveCfg = Debug|Any CPU
		{8A4C9F97-8670-4C7C-9E79-7A79462BA4E3}.Debug|x86.Build.0 = Debug|Any CPU
		{8A4C9F97-8670-4C7C-9E79-7A79462BA4E3}.Release|Any CPU.ActiveCfg = Release|Any CPU
		{8A4C9F97-8670-4C7C-9E79-7A79462BA4E3}.Release|Any CPU.Build.0 = Release|Any CPU
		{8A4C9F97-8670-4C7C-9E79-7A79462BA4E3}.Release|x64.ActiveCfg = Release|Any CPU
		{8A4C9F97-8670-4C7C-9E79-7A79462BA4E3}.Release|x64.Build.0 = Release|Any CPU
		{8A4C9F97-8670-4C7C-9E79-7A79462BA4E3}.Release|x86.ActiveCfg = Release|Any CPU
		{8A4C9F97-8670-4C7C-9E79-7A79462BA4E3}.Release|x86.Build.0 = Release|Any CPU
		{C236A8E3-1ABF-4339-B61C-3B4D054BF8F8}.Debug|Any CPU.ActiveCfg = Debug|Any CPU
		{C236A8E3-1ABF-4339-B61C-3B4D054BF8F8}.Debug|Any CPU.Build.0 = Debug|Any CPU
		{C236A8E3-1ABF-4339-B61C-3B4D054BF8F8}.Debug|x64.ActiveCfg = Debug|Any CPU
		{C236A8E3-1ABF-4339-B61C-3B4D054BF8F8}.Debug|x64.Build.0 = Debug|Any CPU
		{C236A8E3-1ABF-4339-B61C-3B4D054BF8F8}.Debug|x86.ActiveCfg = Debug|Any CPU
		{C236A8E3-1ABF-4339-B61C-3B4D054BF8F8}.Debug|x86.Build.0 = Debug|Any CPU
		{C236A8E3-1ABF-4339-B61C-3B4D054BF8F8}.Release|Any CPU.ActiveCfg = Release|Any CPU
		{C236A8E3-1ABF-4339-B61C-3B4D054BF8F8}.Release|Any CPU.Build.0 = Release|Any CPU
		{C236A8E3-1ABF-4339-B61C-3B4D054BF8F8}.Release|x64.ActiveCfg = Release|Any CPU
		{C236A8E3-1ABF-4339-B61C-3B4D054BF8F8}.Release|x64.Build.0 = Release|Any CPU
		{C236A8E3-1ABF-4339-B61C-3B4D054BF8F8}.Release|x86.ActiveCfg = Release|Any CPU
		{C236A8E3-1ABF-4339-B61C-3B4D054BF8F8}.Release|x86.Build.0 = Release|Any CPU
		{5A9BEA85-14E3-4C10-B535-01DB2A4B5631}.Debug|Any CPU.ActiveCfg = Debug|Any CPU
		{5A9BEA85-14E3-4C10-B535-01DB2A4B5631}.Debug|Any CPU.Build.0 = Debug|Any CPU
		{5A9BEA85-14E3-4C10-B535-01DB2A4B5631}.Debug|x64.ActiveCfg = Debug|Any CPU
		{5A9BEA85-14E3-4C10-B535-01DB2A4B5631}.Debug|x64.Build.0 = Debug|Any CPU
		{5A9BEA85-14E3-4C10-B535-01DB2A4B5631}.Debug|x86.ActiveCfg = Debug|Any CPU
		{5A9BEA85-14E3-4C10-B535-01DB2A4B5631}.Debug|x86.Build.0 = Debug|Any CPU
		{5A9BEA85-14E3-4C10-B535-01DB2A4B5631}.Release|Any CPU.ActiveCfg = Release|Any CPU
		{5A9BEA85-14E3-4C10-B535-01DB2A4B5631}.Release|Any CPU.Build.0 = Release|Any CPU
		{5A9BEA85-14E3-4C10-B535-01DB2A4B5631}.Release|x64.ActiveCfg = Release|Any CPU
		{5A9BEA85-14E3-4C10-B535-01DB2A4B5631}.Release|x64.Build.0 = Release|Any CPU
		{5A9BEA85-14E3-4C10-B535-01DB2A4B5631}.Release|x86.ActiveCfg = Release|Any CPU
		{5A9BEA85-14E3-4C10-B535-01DB2A4B5631}.Release|x86.Build.0 = Release|Any CPU
		{40CCC364-4878-4F47-8FBE-B42B7B0F132C}.Debug|Any CPU.ActiveCfg = Debug|Any CPU
		{40CCC364-4878-4F47-8FBE-B42B7B0F132C}.Debug|Any CPU.Build.0 = Debug|Any CPU
		{40CCC364-4878-4F47-8FBE-B42B7B0F132C}.Debug|x64.ActiveCfg = Debug|Any CPU
		{40CCC364-4878-4F47-8FBE-B42B7B0F132C}.Debug|x64.Build.0 = Debug|Any CPU
		{40CCC364-4878-4F47-8FBE-B42B7B0F132C}.Debug|x86.ActiveCfg = Debug|Any CPU
		{40CCC364-4878-4F47-8FBE-B42B7B0F132C}.Debug|x86.Build.0 = Debug|Any CPU
		{40CCC364-4878-4F47-8FBE-B42B7B0F132C}.Release|Any CPU.ActiveCfg = Release|Any CPU
		{40CCC364-4878-4F47-8FBE-B42B7B0F132C}.Release|Any CPU.Build.0 = Release|Any CPU
		{40CCC364-4878-4F47-8FBE-B42B7B0F132C}.Release|x64.ActiveCfg = Release|Any CPU
		{40CCC364-4878-4F47-8FBE-B42B7B0F132C}.Release|x64.Build.0 = Release|Any CPU
		{40CCC364-4878-4F47-8FBE-B42B7B0F132C}.Release|x86.ActiveCfg = Release|Any CPU
		{40CCC364-4878-4F47-8FBE-B42B7B0F132C}.Release|x86.Build.0 = Release|Any CPU
		{59A523CB-BA6F-43B5-8CBE-6FBCAE5E4D8C}.Debug|Any CPU.ActiveCfg = Debug|Any CPU
		{59A523CB-BA6F-43B5-8CBE-6FBCAE5E4D8C}.Debug|Any CPU.Build.0 = Debug|Any CPU
		{59A523CB-BA6F-43B5-8CBE-6FBCAE5E4D8C}.Debug|x64.ActiveCfg = Debug|Any CPU
		{59A523CB-BA6F-43B5-8CBE-6FBCAE5E4D8C}.Debug|x64.Build.0 = Debug|Any CPU
		{59A523CB-BA6F-43B5-8CBE-6FBCAE5E4D8C}.Debug|x86.ActiveCfg = Debug|Any CPU
		{59A523CB-BA6F-43B5-8CBE-6FBCAE5E4D8C}.Debug|x86.Build.0 = Debug|Any CPU
		{59A523CB-BA6F-43B5-8CBE-6FBCAE5E4D8C}.Release|Any CPU.ActiveCfg = Release|Any CPU
		{59A523CB-BA6F-43B5-8CBE-6FBCAE5E4D8C}.Release|Any CPU.Build.0 = Release|Any CPU
		{59A523CB-BA6F-43B5-8CBE-6FBCAE5E4D8C}.Release|x64.ActiveCfg = Release|Any CPU
		{59A523CB-BA6F-43B5-8CBE-6FBCAE5E4D8C}.Release|x64.Build.0 = Release|Any CPU
		{59A523CB-BA6F-43B5-8CBE-6FBCAE5E4D8C}.Release|x86.ActiveCfg = Release|Any CPU
		{59A523CB-BA6F-43B5-8CBE-6FBCAE5E4D8C}.Release|x86.Build.0 = Release|Any CPU
		{DCB4F85C-90FC-4223-AB12-C8B0B9002BED}.Debug|Any CPU.ActiveCfg = Debug|Any CPU
		{DCB4F85C-90FC-4223-AB12-C8B0B9002BED}.Debug|Any CPU.Build.0 = Debug|Any CPU
		{DCB4F85C-90FC-4223-AB12-C8B0B9002BED}.Debug|x64.ActiveCfg = Debug|Any CPU
		{DCB4F85C-90FC-4223-AB12-C8B0B9002BED}.Debug|x64.Build.0 = Debug|Any CPU
		{DCB4F85C-90FC-4223-AB12-C8B0B9002BED}.Debug|x86.ActiveCfg = Debug|Any CPU
		{DCB4F85C-90FC-4223-AB12-C8B0B9002BED}.Debug|x86.Build.0 = Debug|Any CPU
		{DCB4F85C-90FC-4223-AB12-C8B0B9002BED}.Release|Any CPU.ActiveCfg = Release|Any CPU
		{DCB4F85C-90FC-4223-AB12-C8B0B9002BED}.Release|Any CPU.Build.0 = Release|Any CPU
		{DCB4F85C-90FC-4223-AB12-C8B0B9002BED}.Release|x64.ActiveCfg = Release|Any CPU
		{DCB4F85C-90FC-4223-AB12-C8B0B9002BED}.Release|x64.Build.0 = Release|Any CPU
		{DCB4F85C-90FC-4223-AB12-C8B0B9002BED}.Release|x86.ActiveCfg = Release|Any CPU
		{DCB4F85C-90FC-4223-AB12-C8B0B9002BED}.Release|x86.Build.0 = Release|Any CPU
		{DDE9C91C-4295-4EF2-B959-17F8930BFEE2}.Debug|Any CPU.ActiveCfg = Debug|Any CPU
		{DDE9C91C-4295-4EF2-B959-17F8930BFEE2}.Debug|Any CPU.Build.0 = Debug|Any CPU
		{DDE9C91C-4295-4EF2-B959-17F8930BFEE2}.Debug|x64.ActiveCfg = Debug|Any CPU
		{DDE9C91C-4295-4EF2-B959-17F8930BFEE2}.Debug|x64.Build.0 = Debug|Any CPU
		{DDE9C91C-4295-4EF2-B959-17F8930BFEE2}.Debug|x86.ActiveCfg = Debug|Any CPU
		{DDE9C91C-4295-4EF2-B959-17F8930BFEE2}.Debug|x86.Build.0 = Debug|Any CPU
		{DDE9C91C-4295-4EF2-B959-17F8930BFEE2}.Release|Any CPU.ActiveCfg = Release|Any CPU
		{DDE9C91C-4295-4EF2-B959-17F8930BFEE2}.Release|Any CPU.Build.0 = Release|Any CPU
		{DDE9C91C-4295-4EF2-B959-17F8930BFEE2}.Release|x64.ActiveCfg = Release|Any CPU
		{DDE9C91C-4295-4EF2-B959-17F8930BFEE2}.Release|x64.Build.0 = Release|Any CPU
		{DDE9C91C-4295-4EF2-B959-17F8930BFEE2}.Release|x86.ActiveCfg = Release|Any CPU
		{DDE9C91C-4295-4EF2-B959-17F8930BFEE2}.Release|x86.Build.0 = Release|Any CPU
		{BC8C4E1E-9483-4B67-9447-530678D46B36}.Debug|Any CPU.ActiveCfg = Debug|Any CPU
		{BC8C4E1E-9483-4B67-9447-530678D46B36}.Debug|Any CPU.Build.0 = Debug|Any CPU
		{BC8C4E1E-9483-4B67-9447-530678D46B36}.Debug|x64.ActiveCfg = Debug|Any CPU
		{BC8C4E1E-9483-4B67-9447-530678D46B36}.Debug|x64.Build.0 = Debug|Any CPU
		{BC8C4E1E-9483-4B67-9447-530678D46B36}.Debug|x86.ActiveCfg = Debug|Any CPU
		{BC8C4E1E-9483-4B67-9447-530678D46B36}.Debug|x86.Build.0 = Debug|Any CPU
		{BC8C4E1E-9483-4B67-9447-530678D46B36}.Release|Any CPU.ActiveCfg = Release|Any CPU
		{BC8C4E1E-9483-4B67-9447-530678D46B36}.Release|Any CPU.Build.0 = Release|Any CPU
		{BC8C4E1E-9483-4B67-9447-530678D46B36}.Release|x64.ActiveCfg = Release|Any CPU
		{BC8C4E1E-9483-4B67-9447-530678D46B36}.Release|x64.Build.0 = Release|Any CPU
		{BC8C4E1E-9483-4B67-9447-530678D46B36}.Release|x86.ActiveCfg = Release|Any CPU
		{BC8C4E1E-9483-4B67-9447-530678D46B36}.Release|x86.Build.0 = Release|Any CPU
		{BA19AEEA-963F-46E1-B651-5BBA07FF5187}.Debug|Any CPU.ActiveCfg = Debug|Any CPU
		{BA19AEEA-963F-46E1-B651-5BBA07FF5187}.Debug|Any CPU.Build.0 = Debug|Any CPU
		{BA19AEEA-963F-46E1-B651-5BBA07FF5187}.Debug|x64.ActiveCfg = Debug|Any CPU
		{BA19AEEA-963F-46E1-B651-5BBA07FF5187}.Debug|x64.Build.0 = Debug|Any CPU
		{BA19AEEA-963F-46E1-B651-5BBA07FF5187}.Debug|x86.ActiveCfg = Debug|Any CPU
		{BA19AEEA-963F-46E1-B651-5BBA07FF5187}.Debug|x86.Build.0 = Debug|Any CPU
		{BA19AEEA-963F-46E1-B651-5BBA07FF5187}.Release|Any CPU.ActiveCfg = Release|Any CPU
		{BA19AEEA-963F-46E1-B651-5BBA07FF5187}.Release|Any CPU.Build.0 = Release|Any CPU
		{BA19AEEA-963F-46E1-B651-5BBA07FF5187}.Release|x64.ActiveCfg = Release|Any CPU
		{BA19AEEA-963F-46E1-B651-5BBA07FF5187}.Release|x64.Build.0 = Release|Any CPU
		{BA19AEEA-963F-46E1-B651-5BBA07FF5187}.Release|x86.ActiveCfg = Release|Any CPU
		{BA19AEEA-963F-46E1-B651-5BBA07FF5187}.Release|x86.Build.0 = Release|Any CPU
		{AAB993E4-57A7-4109-A65C-E413D6600BBF}.Debug|Any CPU.ActiveCfg = Debug|Any CPU
		{AAB993E4-57A7-4109-A65C-E413D6600BBF}.Debug|Any CPU.Build.0 = Debug|Any CPU
		{AAB993E4-57A7-4109-A65C-E413D6600BBF}.Debug|x64.ActiveCfg = Debug|Any CPU
		{AAB993E4-57A7-4109-A65C-E413D6600BBF}.Debug|x64.Build.0 = Debug|Any CPU
		{AAB993E4-57A7-4109-A65C-E413D6600BBF}.Debug|x86.ActiveCfg = Debug|Any CPU
		{AAB993E4-57A7-4109-A65C-E413D6600BBF}.Debug|x86.Build.0 = Debug|Any CPU
		{AAB993E4-57A7-4109-A65C-E413D6600BBF}.Release|Any CPU.ActiveCfg = Release|Any CPU
		{AAB993E4-57A7-4109-A65C-E413D6600BBF}.Release|Any CPU.Build.0 = Release|Any CPU
		{AAB993E4-57A7-4109-A65C-E413D6600BBF}.Release|x64.ActiveCfg = Release|Any CPU
		{AAB993E4-57A7-4109-A65C-E413D6600BBF}.Release|x64.Build.0 = Release|Any CPU
		{AAB993E4-57A7-4109-A65C-E413D6600BBF}.Release|x86.ActiveCfg = Release|Any CPU
		{AAB993E4-57A7-4109-A65C-E413D6600BBF}.Release|x86.Build.0 = Release|Any CPU
	EndGlobalSection
	GlobalSection(SolutionProperties) = preSolution
		HideSolutionNode = FALSE
	EndGlobalSection
	GlobalSection(NestedProjects) = preSolution
		{0CBA486D-8ADD-1D7F-F8E2-6CF105AD0BE2} = {30058A4A-2377-4856-4EFF-8268239A08B0}
		{5A5A280F-A68D-42DC-998C-45D2F063D5D4} = {0CBA486D-8ADD-1D7F-F8E2-6CF105AD0BE2}
		{C794D79D-142E-4BA8-8377-4D95321BEDBC} = {0CBA486D-8ADD-1D7F-F8E2-6CF105AD0BE2}
		{E96B09A2-DE3F-4C21-8B58-E77D75868A2C} = {0CBA486D-8ADD-1D7F-F8E2-6CF105AD0BE2}
		{1BB66855-5DAE-4F1B-B62E-BA62EB9EFA5A} = {0CBA486D-8ADD-1D7F-F8E2-6CF105AD0BE2}
		{8F0386BE-35E3-6926-30B5-B4E5C457B50D} = {B4CA696D-1B8C-AA3D-BB4F-77D4C32AAB34}
		{6EB1957A-03FA-42D8-9160-5FA506F777E6} = {8F0386BE-35E3-6926-30B5-B4E5C457B50D}
		{8A4C9F97-8670-4C7C-9E79-7A79462BA4E3} = {8F0386BE-35E3-6926-30B5-B4E5C457B50D}
		{C236A8E3-1ABF-4339-B61C-3B4D054BF8F8} = {8F0386BE-35E3-6926-30B5-B4E5C457B50D}
		{5A9BEA85-14E3-4C10-B535-01DB2A4B5631} = {8F0386BE-35E3-6926-30B5-B4E5C457B50D}
		{40CCC364-4878-4F47-8FBE-B42B7B0F132C} = {8F0386BE-35E3-6926-30B5-B4E5C457B50D}
		{D817E5CE-B44F-4421-915F-D7B4DF4D6305} = {0468B34B-F03C-4707-AF5B-373E57D28DCA}
		{59A523CB-BA6F-43B5-8CBE-6FBCAE5E4D8C} = {D817E5CE-B44F-4421-915F-D7B4DF4D6305}
		{DCB4F85C-90FC-4223-AB12-C8B0B9002BED} = {D817E5CE-B44F-4421-915F-D7B4DF4D6305}
		{DDE9C91C-4295-4EF2-B959-17F8930BFEE2} = {D817E5CE-B44F-4421-915F-D7B4DF4D6305}
		{BC8C4E1E-9483-4B67-9447-530678D46B36} = {D817E5CE-B44F-4421-915F-D7B4DF4D6305}
		{BA19AEEA-963F-46E1-B651-5BBA07FF5187} = {D817E5CE-B44F-4421-915F-D7B4DF4D6305}
		{AAB993E4-57A7-4109-A65C-E413D6600BBF} = {D817E5CE-B44F-4421-915F-D7B4DF4D6305}
	EndGlobalSection
EndGlobal
