
Microsoft Visual Studio Solution File, Format Version 12.00
Project("{2150E333-8FDC-42A3-9474-1A3956D46DE8}") = "Server", "Server", "{BF679E5C-BD33-4A83-A7BF-28C61C3064B3}"
EndProject
Project("{FAE04EC0-301F-11D3-BF4B-00C04F79EFBC}") = "Entities", "Server\Entities\Entities.csproj", "{AEB6FDC0-20BA-4DA1-980B-86A364DCC3D5}"
EndProject
Project("{FAE04EC0-301F-11D3-BF4B-00C04F79EFBC}") = "RepositoryContracts", "Server\RepositoryContracts\RepositoryContracts.csproj", "{E4311196-E114-40FB-ACC3-490FCF72DD3D}"
EndProject
Project("{FAE04EC0-301F-11D3-BF4B-00C04F79EFBC}") = "InMemoryRepositories", "Server\InMemoryRepositories\InMemoryRepositories.csproj", "{C4300B78-726C-4926-93D8-DB9365E202D6}"
EndProject
Project("{FAE04EC0-301F-11D3-BF4B-00C04F79EFBC}") = "Demo", "Server\Demo\Demo.csproj", "{19DE523F-07F3-479D-82FC-36BB2C4921FD}"
EndProject
Project("{FAE04EC0-301F-11D3-BF4B-00C04F79EFBC}") = "CLI", "Server\CLI\CLI.csproj", "{82E7305F-B0D2-4F93-97C5-233CD3572571}"
EndProject
Global
	GlobalSection(SolutionConfigurationPlatforms) = preSolution
		Debug|Any CPU = Debug|Any CPU
		Release|Any CPU = Release|Any CPU
	EndGlobalSection
	GlobalSection(NestedProjects) = preSolution
		{AEB6FDC0-20BA-4DA1-980B-86A364DCC3D5} = {BF679E5C-BD33-4A83-A7BF-28C61C3064B3}
		{E4311196-E114-40FB-ACC3-490FCF72DD3D} = {BF679E5C-BD33-4A83-A7BF-28C61C3064B3}
		{C4300B78-726C-4926-93D8-DB9365E202D6} = {BF679E5C-BD33-4A83-A7BF-28C61C3064B3}
		{19DE523F-07F3-479D-82FC-36BB2C4921FD} = {BF679E5C-BD33-4A83-A7BF-28C61C3064B3}
		{82E7305F-B0D2-4F93-97C5-233CD3572571} = {BF679E5C-BD33-4A83-A7BF-28C61C3064B3}
	EndGlobalSection
	GlobalSection(ProjectConfigurationPlatforms) = postSolution
		{AEB6FDC0-20BA-4DA1-980B-86A364DCC3D5}.Debug|Any CPU.ActiveCfg = Debug|Any CPU
		{AEB6FDC0-20BA-4DA1-980B-86A364DCC3D5}.Debug|Any CPU.Build.0 = Debug|Any CPU
		{AEB6FDC0-20BA-4DA1-980B-86A364DCC3D5}.Release|Any CPU.ActiveCfg = Release|Any CPU
		{AEB6FDC0-20BA-4DA1-980B-86A364DCC3D5}.Release|Any CPU.Build.0 = Release|Any CPU
		{E4311196-E114-40FB-ACC3-490FCF72DD3D}.Debug|Any CPU.ActiveCfg = Debug|Any CPU
		{E4311196-E114-40FB-ACC3-490FCF72DD3D}.Debug|Any CPU.Build.0 = Debug|Any CPU
		{E4311196-E114-40FB-ACC3-490FCF72DD3D}.Release|Any CPU.ActiveCfg = Release|Any CPU
		{E4311196-E114-40FB-ACC3-490FCF72DD3D}.Release|Any CPU.Build.0 = Release|Any CPU
		{C4300B78-726C-4926-93D8-DB9365E202D6}.Debug|Any CPU.ActiveCfg = Debug|Any CPU
		{C4300B78-726C-4926-93D8-DB9365E202D6}.Debug|Any CPU.Build.0 = Debug|Any CPU
		{C4300B78-726C-4926-93D8-DB9365E202D6}.Release|Any CPU.ActiveCfg = Release|Any CPU
		{C4300B78-726C-4926-93D8-DB9365E202D6}.Release|Any CPU.Build.0 = Release|Any CPU
		{19DE523F-07F3-479D-82FC-36BB2C4921FD}.Debug|Any CPU.ActiveCfg = Debug|Any CPU
		{19DE523F-07F3-479D-82FC-36BB2C4921FD}.Debug|Any CPU.Build.0 = Debug|Any CPU
		{19DE523F-07F3-479D-82FC-36BB2C4921FD}.Release|Any CPU.ActiveCfg = Release|Any CPU
		{19DE523F-07F3-479D-82FC-36BB2C4921FD}.Release|Any CPU.Build.0 = Release|Any CPU
		{82E7305F-B0D2-4F93-97C5-233CD3572571}.Debug|Any CPU.ActiveCfg = Debug|Any CPU
		{82E7305F-B0D2-4F93-97C5-233CD3572571}.Debug|Any CPU.Build.0 = Debug|Any CPU
		{82E7305F-B0D2-4F93-97C5-233CD3572571}.Release|Any CPU.ActiveCfg = Release|Any CPU
		{82E7305F-B0D2-4F93-97C5-233CD3572571}.Release|Any CPU.Build.0 = Release|Any CPU
	EndGlobalSection
EndGlobal
